// !$*UTF8*$!
{
	archiveVersion = 1;
	classes = {
	};
	objectVersion = 51;
	objects = {

/* Begin PBXBuildFile section */
		0BCC32B2684BC4B1D21AE22E /* Pods_ios_app_uitests.framework in Frameworks */ = {isa = PBXBuildFile; fileRef = 3704D4FE118B2556AC403688 /* Pods_ios_app_uitests.framework */; };
		1B10CC812483B8B90060657A /* RememberShared.framework in Frameworks */ = {isa = PBXBuildFile; fileRef = 1B7723CA2482F884006150F2 /* RememberShared.framework */; };
		1B1826432444D67C002F1361 /* MainInterface.storyboard in Resources */ = {isa = PBXBuildFile; fileRef = 1B1826422444D67B002F1361 /* MainInterface.storyboard */; };
		1B682C9524731AFA00658151 /* AppScreenFactory.swift in Sources */ = {isa = PBXBuildFile; fileRef = 1B682C9424731AFA00658151 /* AppScreenFactory.swift */; };
		1B72E0F72444905D0042EBD7 /* ios_feature_preview.appex in Embed App Extensions */ = {isa = PBXBuildFile; fileRef = 1B72E0ED2444905C0042EBD7 /* ios_feature_preview.appex */; settings = {ATTRIBUTES = (RemoveHeadersOnCopy, ); }; };
		1B7597B6244B314A009D5837 /* PreviewViewController.swift in Sources */ = {isa = PBXBuildFile; fileRef = 1B7597B5244B314A009D5837 /* PreviewViewController.swift */; };
		1B7723D12482F884006150F2 /* RememberShared.framework in Frameworks */ = {isa = PBXBuildFile; fileRef = 1B7723CA2482F884006150F2 /* RememberShared.framework */; };
		1B7723D22482F884006150F2 /* RememberShared.framework in Embed Frameworks */ = {isa = PBXBuildFile; fileRef = 1B7723CA2482F884006150F2 /* RememberShared.framework */; settings = {ATTRIBUTES = (CodeSignOnCopy, RemoveHeadersOnCopy, ); }; };
		1B7DCF48248EC2E000E30038 /* Localizable.strings in Resources */ = {isa = PBXBuildFile; fileRef = 1B7DCF46248EC10800E30038 /* Localizable.strings */; };
		1B841466249FB4F800AD4660 /* ios_feature_rss_detail.framework in Frameworks */ = {isa = PBXBuildFile; fileRef = 1B841465249FB4F800AD4660 /* ios_feature_rss_detail.framework */; };
		1B841467249FB4F800AD4660 /* ios_feature_rss_detail.framework in Embed Frameworks */ = {isa = PBXBuildFile; fileRef = 1B841465249FB4F800AD4660 /* ios_feature_rss_detail.framework */; settings = {ATTRIBUTES = (CodeSignOnCopy, RemoveHeadersOnCopy, ); }; };
		1B8414A424A133A600AD4660 /* ios_feature_display.framework in Frameworks */ = {isa = PBXBuildFile; fileRef = 1B8414A324A133A600AD4660 /* ios_feature_display.framework */; };
		1B8414A524A133A600AD4660 /* ios_feature_display.framework in Embed Frameworks */ = {isa = PBXBuildFile; fileRef = 1B8414A324A133A600AD4660 /* ios_feature_display.framework */; settings = {ATTRIBUTES = (CodeSignOnCopy, RemoveHeadersOnCopy, ); }; };
		1BA773D12441E9600060EC1D /* AppDelegate.swift in Sources */ = {isa = PBXBuildFile; fileRef = 1BA773D02441E9600060EC1D /* AppDelegate.swift */; };
		1BA773D32441E9600060EC1D /* SceneDelegate.swift in Sources */ = {isa = PBXBuildFile; fileRef = 1BA773D22441E9600060EC1D /* SceneDelegate.swift */; };
		1BA773D72441E9660060EC1D /* Assets.xcassets in Resources */ = {isa = PBXBuildFile; fileRef = 1BA773D62441E9660060EC1D /* Assets.xcassets */; };
		1BA773DA2441E9660060EC1D /* Preview Assets.xcassets in Resources */ = {isa = PBXBuildFile; fileRef = 1BA773D92441E9660060EC1D /* Preview Assets.xcassets */; };
		1BA773DD2441E9660060EC1D /* LaunchScreen.storyboard in Resources */ = {isa = PBXBuildFile; fileRef = 1BA773DB2441E9660060EC1D /* LaunchScreen.storyboard */; };
		1BA773E82441E9670060EC1D /* RememberTests.swift in Sources */ = {isa = PBXBuildFile; fileRef = 1BA773E72441E9670060EC1D /* RememberTests.swift */; };
		1BA773F32441E9670060EC1D /* RememberUITests.swift in Sources */ = {isa = PBXBuildFile; fileRef = 1BA773F22441E9670060EC1D /* RememberUITests.swift */; };
		1BAEDA36245ED290002A9D9B /* LinkPreviewCell.swift in Sources */ = {isa = PBXBuildFile; fileRef = 1BAEDA35245ED290002A9D9B /* LinkPreviewCell.swift */; };
		1BAEDA38245ED299002A9D9B /* TextPreviewCell.swift in Sources */ = {isa = PBXBuildFile; fileRef = 1BAEDA37245ED299002A9D9B /* TextPreviewCell.swift */; };
		1BAEDA3A245ED2A1002A9D9B /* ImagePreviewCell.swift in Sources */ = {isa = PBXBuildFile; fileRef = 1BAEDA39245ED2A1002A9D9B /* ImagePreviewCell.swift */; };
		1BAEDA3E245ED3D2002A9D9B /* PreviewDataSource.swift in Sources */ = {isa = PBXBuildFile; fileRef = 1BAEDA3D245ED3D2002A9D9B /* PreviewDataSource.swift */; };
		1BAEDA42245ED83D002A9D9B /* PreviewsViewState.swift in Sources */ = {isa = PBXBuildFile; fileRef = 1BAEDA41245ED83D002A9D9B /* PreviewsViewState.swift */; };
		1BE01D552459F2B3000FC4AF /* AppNavigation.swift in Sources */ = {isa = PBXBuildFile; fileRef = 1BE01D542459F2B3000FC4AF /* AppNavigation.swift */; };
		1BE2B5812493CD3300A082BC /* ios_dependencies.framework in Frameworks */ = {isa = PBXBuildFile; fileRef = 1BE2B5802493CD3300A082BC /* ios_dependencies.framework */; };
		1BE2B5822493CD3300A082BC /* ios_dependencies.framework in Embed Frameworks */ = {isa = PBXBuildFile; fileRef = 1BE2B5802493CD3300A082BC /* ios_dependencies.framework */; settings = {ATTRIBUTES = (CodeSignOnCopy, RemoveHeadersOnCopy, ); }; };
		1BE2B59C2493CE3400A082BC /* ios_dependencies.framework in Frameworks */ = {isa = PBXBuildFile; fileRef = 1BE2B59B2493CE3400A082BC /* ios_dependencies.framework */; };
		1BE2B5C42493D19800A082BC /* ios_views.framework in Frameworks */ = {isa = PBXBuildFile; fileRef = 1BE2B5C32493D19800A082BC /* ios_views.framework */; };
		1BE2B5C52493D19800A082BC /* ios_views.framework in Embed Frameworks */ = {isa = PBXBuildFile; fileRef = 1BE2B5C32493D19800A082BC /* ios_views.framework */; settings = {ATTRIBUTES = (CodeSignOnCopy, RemoveHeadersOnCopy, ); }; };
		1BE2B5C72493D1A300A082BC /* ios_views.framework in Frameworks */ = {isa = PBXBuildFile; fileRef = 1BE2B5C62493D1A300A082BC /* ios_views.framework */; };
		1BE2B6A82493D79300A082BC /* ios_feature_bookmark_edit.framework in Frameworks */ = {isa = PBXBuildFile; fileRef = 1BE2B6A72493D79300A082BC /* ios_feature_bookmark_edit.framework */; };
		1BE2B6A92493D79300A082BC /* ios_feature_bookmark_edit.framework in Embed Frameworks */ = {isa = PBXBuildFile; fileRef = 1BE2B6A72493D79300A082BC /* ios_feature_bookmark_edit.framework */; settings = {ATTRIBUTES = (CodeSignOnCopy, RemoveHeadersOnCopy, ); }; };
		1BE2B6AB2493D79900A082BC /* ios_feature_hub.framework in Frameworks */ = {isa = PBXBuildFile; fileRef = 1BE2B6AA2493D79900A082BC /* ios_feature_hub.framework */; };
		1BE2B6AC2493D79900A082BC /* ios_feature_hub.framework in Embed Frameworks */ = {isa = PBXBuildFile; fileRef = 1BE2B6AA2493D79900A082BC /* ios_feature_hub.framework */; settings = {ATTRIBUTES = (CodeSignOnCopy, RemoveHeadersOnCopy, ); }; };
		1BE2B6AE2493D79D00A082BC /* ios_feature_topic_add.framework in Frameworks */ = {isa = PBXBuildFile; fileRef = 1BE2B6AD2493D79D00A082BC /* ios_feature_topic_add.framework */; };
		1BE2B6AF2493D79D00A082BC /* ios_feature_topic_add.framework in Embed Frameworks */ = {isa = PBXBuildFile; fileRef = 1BE2B6AD2493D79D00A082BC /* ios_feature_topic_add.framework */; settings = {ATTRIBUTES = (CodeSignOnCopy, RemoveHeadersOnCopy, ); }; };
		1BE2B6B12493D7A200A082BC /* ios_feature_topic_edit.framework in Frameworks */ = {isa = PBXBuildFile; fileRef = 1BE2B6B02493D7A200A082BC /* ios_feature_topic_edit.framework */; };
		1BE2B6B22493D7A200A082BC /* ios_feature_topic_edit.framework in Embed Frameworks */ = {isa = PBXBuildFile; fileRef = 1BE2B6B02493D7A200A082BC /* ios_feature_topic_edit.framework */; settings = {ATTRIBUTES = (CodeSignOnCopy, RemoveHeadersOnCopy, ); }; };
		1BE2B6B42493D7A800A082BC /* ios_feature_topics.framework in Frameworks */ = {isa = PBXBuildFile; fileRef = 1BE2B6B32493D7A800A082BC /* ios_feature_topics.framework */; };
		1BE2B6B52493D7A800A082BC /* ios_feature_topics.framework in Embed Frameworks */ = {isa = PBXBuildFile; fileRef = 1BE2B6B32493D7A800A082BC /* ios_feature_topics.framework */; settings = {ATTRIBUTES = (CodeSignOnCopy, RemoveHeadersOnCopy, ); }; };
		1BE2B71B2499375600A082BC /* ios_feature_bookmarks.framework in Frameworks */ = {isa = PBXBuildFile; fileRef = 1BE2B71A2499375600A082BC /* ios_feature_bookmarks.framework */; };
		1BE2B71C2499375600A082BC /* ios_feature_bookmarks.framework in Embed Frameworks */ = {isa = PBXBuildFile; fileRef = 1BE2B71A2499375600A082BC /* ios_feature_bookmarks.framework */; settings = {ATTRIBUTES = (CodeSignOnCopy, RemoveHeadersOnCopy, ); }; };
		1BE2B77A24993C8700A082BC /* ios_feature_feed.framework in Frameworks */ = {isa = PBXBuildFile; fileRef = 1BE2B77924993C8700A082BC /* ios_feature_feed.framework */; };
		1BE2B77B24993C8700A082BC /* ios_feature_feed.framework in Embed Frameworks */ = {isa = PBXBuildFile; fileRef = 1BE2B77924993C8700A082BC /* ios_feature_feed.framework */; settings = {ATTRIBUTES = (CodeSignOnCopy, RemoveHeadersOnCopy, ); }; };
		1BE2B7A9249A9BF600A082BC /* ios_feature_rss.framework in Frameworks */ = {isa = PBXBuildFile; fileRef = 1BE2B7A8249A9BF500A082BC /* ios_feature_rss.framework */; };
		1BE2B7AA249A9BF600A082BC /* ios_feature_rss.framework in Embed Frameworks */ = {isa = PBXBuildFile; fileRef = 1BE2B7A8249A9BF500A082BC /* ios_feature_rss.framework */; settings = {ATTRIBUTES = (CodeSignOnCopy, RemoveHeadersOnCopy, ); }; };
		3889C007EC75333962CD00BB /* Pods_ios_app_tests.framework in Frameworks */ = {isa = PBXBuildFile; fileRef = 9A140D3B6C44D5A7C2D5C536 /* Pods_ios_app_tests.framework */; };
		A50BC53D350C131955AEAC79 /* Pods_ios_app.framework in Frameworks */ = {isa = PBXBuildFile; fileRef = F5A029FB2870657FBCF68C43 /* Pods_ios_app.framework */; };
		FE64FB8DBB6F57C7708316CF /* Pods_ios_feature_preview.framework in Frameworks */ = {isa = PBXBuildFile; fileRef = 0E888A39247480EE424E1C21 /* Pods_ios_feature_preview.framework */; };
/* End PBXBuildFile section */

/* Begin PBXContainerItemProxy section */
		1B72E0F52444905D0042EBD7 /* PBXContainerItemProxy */ = {
			isa = PBXContainerItemProxy;
			containerPortal = 1BA773C52441E9600060EC1D /* Project object */;
			proxyType = 1;
			remoteGlobalIDString = 1B72E0EC2444905C0042EBD7;
			remoteInfo = SharePreview;
		};
		1B7724032482F9A7006150F2 /* PBXContainerItemProxy */ = {
			isa = PBXContainerItemProxy;
			containerPortal = 1BA773C52441E9600060EC1D /* Project object */;
			proxyType = 1;
			remoteGlobalIDString = 1B7723C92482F884006150F2;
			remoteInfo = RememberShared;
		};
		1BA773E42441E9670060EC1D /* PBXContainerItemProxy */ = {
			isa = PBXContainerItemProxy;
			containerPortal = 1BA773C52441E9600060EC1D /* Project object */;
			proxyType = 1;
			remoteGlobalIDString = 1BA773CC2441E9600060EC1D;
			remoteInfo = Remember;
		};
		1BA773EF2441E9670060EC1D /* PBXContainerItemProxy */ = {
			isa = PBXContainerItemProxy;
			containerPortal = 1BA773C52441E9600060EC1D /* Project object */;
			proxyType = 1;
			remoteGlobalIDString = 1BA773CC2441E9600060EC1D;
			remoteInfo = Remember;
		};
/* End PBXContainerItemProxy section */

/* Begin PBXCopyFilesBuildPhase section */
		1B72E0FB2444905D0042EBD7 /* Embed App Extensions */ = {
			isa = PBXCopyFilesBuildPhase;
			buildActionMask = 2147483647;
			dstPath = "";
			dstSubfolderSpec = 13;
			files = (
				1B72E0F72444905D0042EBD7 /* ios_feature_preview.appex in Embed App Extensions */,
			);
			name = "Embed App Extensions";
			runOnlyForDeploymentPostprocessing = 0;
		};
		1BA774052441ED240060EC1D /* Embed Frameworks */ = {
			isa = PBXCopyFilesBuildPhase;
			buildActionMask = 2147483647;
			dstPath = "";
			dstSubfolderSpec = 10;
			files = (
				1BE2B6AC2493D79900A082BC /* ios_feature_hub.framework in Embed Frameworks */,
				1BE2B77B24993C8700A082BC /* ios_feature_feed.framework in Embed Frameworks */,
				1BE2B71C2499375600A082BC /* ios_feature_bookmarks.framework in Embed Frameworks */,
				1BE2B7AA249A9BF600A082BC /* ios_feature_rss.framework in Embed Frameworks */,
				1BE2B6B22493D7A200A082BC /* ios_feature_topic_edit.framework in Embed Frameworks */,
				1B7723D22482F884006150F2 /* RememberShared.framework in Embed Frameworks */,
				1B8414A524A133A600AD4660 /* ios_feature_display.framework in Embed Frameworks */,
				1BE2B5C52493D19800A082BC /* ios_views.framework in Embed Frameworks */,
				1BE2B5822493CD3300A082BC /* ios_dependencies.framework in Embed Frameworks */,
				1BE2B6A92493D79300A082BC /* ios_feature_bookmark_edit.framework in Embed Frameworks */,
				1BE2B6AF2493D79D00A082BC /* ios_feature_topic_add.framework in Embed Frameworks */,
				1B841467249FB4F800AD4660 /* ios_feature_rss_detail.framework in Embed Frameworks */,
				1BE2B6B52493D7A800A082BC /* ios_feature_topics.framework in Embed Frameworks */,
			);
			name = "Embed Frameworks";
			runOnlyForDeploymentPostprocessing = 0;
		};
/* End PBXCopyFilesBuildPhase section */

/* Begin PBXFileReference section */
		00A62CC2C0124C1698D9EF8C /* Pods-ios_feature_preview.release.xcconfig */ = {isa = PBXFileReference; includeInIndex = 1; lastKnownFileType = text.xcconfig; name = "Pods-ios_feature_preview.release.xcconfig"; path = "Target Support Files/Pods-ios_feature_preview/Pods-ios_feature_preview.release.xcconfig"; sourceTree = "<group>"; };
		066A574D3C74827974F81853 /* Pods-SharePreview.release.xcconfig */ = {isa = PBXFileReference; includeInIndex = 1; lastKnownFileType = text.xcconfig; name = "Pods-SharePreview.release.xcconfig"; path = "Target Support Files/Pods-SharePreview/Pods-SharePreview.release.xcconfig"; sourceTree = "<group>"; };
		087A15752769E7DE7CA1A578 /* Pods-ios_feature_hub.debug.xcconfig */ = {isa = PBXFileReference; includeInIndex = 1; lastKnownFileType = text.xcconfig; name = "Pods-ios_feature_hub.debug.xcconfig"; path = "Target Support Files/Pods-ios_feature_hub/Pods-ios_feature_hub.debug.xcconfig"; sourceTree = "<group>"; };
		0E888A39247480EE424E1C21 /* Pods_ios_feature_preview.framework */ = {isa = PBXFileReference; explicitFileType = wrapper.framework; includeInIndex = 0; path = Pods_ios_feature_preview.framework; sourceTree = BUILT_PRODUCTS_DIR; };
		10063E4B1471D9E7FD4823CA /* Pods-ios_feature_topic_edit.release.xcconfig */ = {isa = PBXFileReference; includeInIndex = 1; lastKnownFileType = text.xcconfig; name = "Pods-ios_feature_topic_edit.release.xcconfig"; path = "Target Support Files/Pods-ios_feature_topic_edit/Pods-ios_feature_topic_edit.release.xcconfig"; sourceTree = "<group>"; };
		16A07588AE3410D046DACE65 /* Pods-ios_feature_preview.debug.xcconfig */ = {isa = PBXFileReference; includeInIndex = 1; lastKnownFileType = text.xcconfig; name = "Pods-ios_feature_preview.debug.xcconfig"; path = "Target Support Files/Pods-ios_feature_preview/Pods-ios_feature_preview.debug.xcconfig"; sourceTree = "<group>"; };
		1B1826422444D67B002F1361 /* MainInterface.storyboard */ = {isa = PBXFileReference; fileEncoding = 4; lastKnownFileType = file.storyboard; path = MainInterface.storyboard; sourceTree = "<group>"; };
		1B1826442444D6AD002F1361 /* Info.plist */ = {isa = PBXFileReference; fileEncoding = 4; lastKnownFileType = text.plist.xml; path = Info.plist; sourceTree = "<group>"; };
		1B682C9424731AFA00658151 /* AppScreenFactory.swift */ = {isa = PBXFileReference; lastKnownFileType = sourcecode.swift; path = AppScreenFactory.swift; sourceTree = "<group>"; };
		1B72E0ED2444905C0042EBD7 /* ios_feature_preview.appex */ = {isa = PBXFileReference; explicitFileType = "wrapper.app-extension"; includeInIndex = 0; path = ios_feature_preview.appex; sourceTree = BUILT_PRODUCTS_DIR; };
		1B72E0FC244494C00042EBD7 /* app.entitlements */ = {isa = PBXFileReference; lastKnownFileType = text.plist.entitlements; path = app.entitlements; sourceTree = "<group>"; };
		1B7597B5244B314A009D5837 /* PreviewViewController.swift */ = {isa = PBXFileReference; fileEncoding = 4; lastKnownFileType = sourcecode.swift; path = PreviewViewController.swift; sourceTree = "<group>"; };
		1B7723CA2482F884006150F2 /* RememberShared.framework */ = {isa = PBXFileReference; explicitFileType = wrapper.framework; includeInIndex = 0; path = RememberShared.framework; sourceTree = BUILT_PRODUCTS_DIR; };
		1B7723CD2482F884006150F2 /* Info.plist */ = {isa = PBXFileReference; lastKnownFileType = text.plist.xml; path = Info.plist; sourceTree = "<group>"; };
		1B7DCF46248EC10800E30038 /* Localizable.strings */ = {isa = PBXFileReference; lastKnownFileType = text.plist.strings; path = Localizable.strings; sourceTree = "<group>"; };
		1B841460249F9B8300AD4660 /* ios_feature_rss_items.framework */ = {isa = PBXFileReference; explicitFileType = wrapper.framework; path = ios_feature_rss_items.framework; sourceTree = BUILT_PRODUCTS_DIR; };
		1B841465249FB4F800AD4660 /* ios_feature_rss_detail.framework */ = {isa = PBXFileReference; explicitFileType = wrapper.framework; path = ios_feature_rss_detail.framework; sourceTree = BUILT_PRODUCTS_DIR; };
		1B8414A324A133A600AD4660 /* ios_feature_display.framework */ = {isa = PBXFileReference; explicitFileType = wrapper.framework; path = ios_feature_display.framework; sourceTree = BUILT_PRODUCTS_DIR; };
		1BA773CD2441E9600060EC1D /* KeepJar.app */ = {isa = PBXFileReference; explicitFileType = wrapper.application; includeInIndex = 0; path = KeepJar.app; sourceTree = BUILT_PRODUCTS_DIR; };
		1BA773D02441E9600060EC1D /* AppDelegate.swift */ = {isa = PBXFileReference; lastKnownFileType = sourcecode.swift; path = AppDelegate.swift; sourceTree = "<group>"; };
		1BA773D22441E9600060EC1D /* SceneDelegate.swift */ = {isa = PBXFileReference; lastKnownFileType = sourcecode.swift; path = SceneDelegate.swift; sourceTree = "<group>"; };
		1BA773D62441E9660060EC1D /* Assets.xcassets */ = {isa = PBXFileReference; lastKnownFileType = folder.assetcatalog; path = Assets.xcassets; sourceTree = "<group>"; };
		1BA773D92441E9660060EC1D /* Preview Assets.xcassets */ = {isa = PBXFileReference; lastKnownFileType = folder.assetcatalog; path = "Preview Assets.xcassets"; sourceTree = "<group>"; };
		1BA773DC2441E9660060EC1D /* Base */ = {isa = PBXFileReference; lastKnownFileType = file.storyboard; name = Base; path = Base.lproj/LaunchScreen.storyboard; sourceTree = "<group>"; };
		1BA773DE2441E9660060EC1D /* Info.plist */ = {isa = PBXFileReference; lastKnownFileType = text.plist.xml; path = Info.plist; sourceTree = "<group>"; };
		1BA773E32441E9670060EC1D /* ios_app_tests.xctest */ = {isa = PBXFileReference; explicitFileType = wrapper.cfbundle; includeInIndex = 0; path = ios_app_tests.xctest; sourceTree = BUILT_PRODUCTS_DIR; };
		1BA773E72441E9670060EC1D /* RememberTests.swift */ = {isa = PBXFileReference; lastKnownFileType = sourcecode.swift; path = RememberTests.swift; sourceTree = "<group>"; };
		1BA773E92441E9670060EC1D /* Info.plist */ = {isa = PBXFileReference; lastKnownFileType = text.plist.xml; path = Info.plist; sourceTree = "<group>"; };
		1BA773EE2441E9670060EC1D /* ios_app_uitests.xctest */ = {isa = PBXFileReference; explicitFileType = wrapper.cfbundle; includeInIndex = 0; path = ios_app_uitests.xctest; sourceTree = BUILT_PRODUCTS_DIR; };
		1BA773F22441E9670060EC1D /* RememberUITests.swift */ = {isa = PBXFileReference; lastKnownFileType = sourcecode.swift; path = RememberUITests.swift; sourceTree = "<group>"; };
		1BA773F42441E9670060EC1D /* Info.plist */ = {isa = PBXFileReference; lastKnownFileType = text.plist.xml; path = Info.plist; sourceTree = "<group>"; };
		1BAEDA35245ED290002A9D9B /* LinkPreviewCell.swift */ = {isa = PBXFileReference; lastKnownFileType = sourcecode.swift; path = LinkPreviewCell.swift; sourceTree = "<group>"; };
		1BAEDA37245ED299002A9D9B /* TextPreviewCell.swift */ = {isa = PBXFileReference; lastKnownFileType = sourcecode.swift; path = TextPreviewCell.swift; sourceTree = "<group>"; };
		1BAEDA39245ED2A1002A9D9B /* ImagePreviewCell.swift */ = {isa = PBXFileReference; lastKnownFileType = sourcecode.swift; path = ImagePreviewCell.swift; sourceTree = "<group>"; };
		1BAEDA3D245ED3D2002A9D9B /* PreviewDataSource.swift */ = {isa = PBXFileReference; lastKnownFileType = sourcecode.swift; path = PreviewDataSource.swift; sourceTree = "<group>"; };
		1BAEDA41245ED83D002A9D9B /* PreviewsViewState.swift */ = {isa = PBXFileReference; lastKnownFileType = sourcecode.swift; path = PreviewsViewState.swift; sourceTree = "<group>"; };
		1BC2B087244797BB00E73BB6 /* preview.entitlements */ = {isa = PBXFileReference; lastKnownFileType = text.plist.entitlements; path = preview.entitlements; sourceTree = "<group>"; };
		1BE01D542459F2B3000FC4AF /* AppNavigation.swift */ = {isa = PBXFileReference; lastKnownFileType = sourcecode.swift; path = AppNavigation.swift; sourceTree = "<group>"; };
		1BE2B5802493CD3300A082BC /* ios_dependencies.framework */ = {isa = PBXFileReference; explicitFileType = wrapper.framework; path = ios_dependencies.framework; sourceTree = BUILT_PRODUCTS_DIR; };
		1BE2B5872493CDDB00A082BC /* ios_dependencies.framework */ = {isa = PBXFileReference; explicitFileType = wrapper.framework; path = ios_dependencies.framework; sourceTree = BUILT_PRODUCTS_DIR; };
		1BE2B58B2493CDF900A082BC /* ios_dependencies.framework */ = {isa = PBXFileReference; explicitFileType = wrapper.framework; path = ios_dependencies.framework; sourceTree = BUILT_PRODUCTS_DIR; };
		1BE2B58F2493CE0200A082BC /* ios_dependencies.framework */ = {isa = PBXFileReference; explicitFileType = wrapper.framework; path = ios_dependencies.framework; sourceTree = BUILT_PRODUCTS_DIR; };
		1BE2B5932493CE0F00A082BC /* ios_dependencies.framework */ = {isa = PBXFileReference; explicitFileType = wrapper.framework; path = ios_dependencies.framework; sourceTree = BUILT_PRODUCTS_DIR; };
		1BE2B5972493CE1800A082BC /* ios_dependencies.framework */ = {isa = PBXFileReference; explicitFileType = wrapper.framework; path = ios_dependencies.framework; sourceTree = BUILT_PRODUCTS_DIR; };
		1BE2B59B2493CE3400A082BC /* ios_dependencies.framework */ = {isa = PBXFileReference; explicitFileType = wrapper.framework; path = ios_dependencies.framework; sourceTree = BUILT_PRODUCTS_DIR; };
		1BE2B5C32493D19800A082BC /* ios_views.framework */ = {isa = PBXFileReference; explicitFileType = wrapper.framework; path = ios_views.framework; sourceTree = BUILT_PRODUCTS_DIR; };
		1BE2B5C62493D1A300A082BC /* ios_views.framework */ = {isa = PBXFileReference; explicitFileType = wrapper.framework; path = ios_views.framework; sourceTree = BUILT_PRODUCTS_DIR; };
		1BE2B5CA2493D1AA00A082BC /* ios_views.framework */ = {isa = PBXFileReference; explicitFileType = wrapper.framework; path = ios_views.framework; sourceTree = BUILT_PRODUCTS_DIR; };
		1BE2B5CE2493D1B100A082BC /* ios_views.framework */ = {isa = PBXFileReference; explicitFileType = wrapper.framework; path = ios_views.framework; sourceTree = BUILT_PRODUCTS_DIR; };
		1BE2B5D22493D1BD00A082BC /* ios_views.framework */ = {isa = PBXFileReference; explicitFileType = wrapper.framework; path = ios_views.framework; sourceTree = BUILT_PRODUCTS_DIR; };
		1BE2B5D62493D1C300A082BC /* ios_views.framework */ = {isa = PBXFileReference; explicitFileType = wrapper.framework; path = ios_views.framework; sourceTree = BUILT_PRODUCTS_DIR; };
		1BE2B5DA2493D1CA00A082BC /* ios_views.framework */ = {isa = PBXFileReference; explicitFileType = wrapper.framework; path = ios_views.framework; sourceTree = BUILT_PRODUCTS_DIR; };
		1BE2B6A72493D79300A082BC /* ios_feature_bookmark_edit.framework */ = {isa = PBXFileReference; explicitFileType = wrapper.framework; path = ios_feature_bookmark_edit.framework; sourceTree = BUILT_PRODUCTS_DIR; };
		1BE2B6AA2493D79900A082BC /* ios_feature_hub.framework */ = {isa = PBXFileReference; explicitFileType = wrapper.framework; path = ios_feature_hub.framework; sourceTree = BUILT_PRODUCTS_DIR; };
		1BE2B6AD2493D79D00A082BC /* ios_feature_topic_add.framework */ = {isa = PBXFileReference; explicitFileType = wrapper.framework; path = ios_feature_topic_add.framework; sourceTree = BUILT_PRODUCTS_DIR; };
		1BE2B6B02493D7A200A082BC /* ios_feature_topic_edit.framework */ = {isa = PBXFileReference; explicitFileType = wrapper.framework; path = ios_feature_topic_edit.framework; sourceTree = BUILT_PRODUCTS_DIR; };
		1BE2B6B32493D7A800A082BC /* ios_feature_topics.framework */ = {isa = PBXFileReference; explicitFileType = wrapper.framework; path = ios_feature_topics.framework; sourceTree = BUILT_PRODUCTS_DIR; };
		1BE2B71A2499375600A082BC /* ios_feature_bookmarks.framework */ = {isa = PBXFileReference; explicitFileType = wrapper.framework; path = ios_feature_bookmarks.framework; sourceTree = BUILT_PRODUCTS_DIR; };
		1BE2B71D2499376300A082BC /* ios_feature_subscriptions.framework */ = {isa = PBXFileReference; explicitFileType = wrapper.framework; path = ios_feature_subscriptions.framework; sourceTree = BUILT_PRODUCTS_DIR; };
		1BE2B77924993C8700A082BC /* ios_feature_feed.framework */ = {isa = PBXFileReference; explicitFileType = wrapper.framework; path = ios_feature_feed.framework; sourceTree = BUILT_PRODUCTS_DIR; };
		1BE2B7A8249A9BF500A082BC /* ios_feature_rss.framework */ = {isa = PBXFileReference; explicitFileType = wrapper.framework; path = ios_feature_rss.framework; sourceTree = BUILT_PRODUCTS_DIR; };
		1CEAAA64881149E1EB6A6DF2 /* Pods-ios_app_uitests.release.xcconfig */ = {isa = PBXFileReference; includeInIndex = 1; lastKnownFileType = text.xcconfig; name = "Pods-ios_app_uitests.release.xcconfig"; path = "Target Support Files/Pods-ios_app_uitests/Pods-ios_app_uitests.release.xcconfig"; sourceTree = "<group>"; };
		209B88ADE76F864D3F1BB738 /* Pods-Remember.release.xcconfig */ = {isa = PBXFileReference; includeInIndex = 1; lastKnownFileType = text.xcconfig; name = "Pods-Remember.release.xcconfig"; path = "Target Support Files/Pods-Remember/Pods-Remember.release.xcconfig"; sourceTree = "<group>"; };
		20B1E607BCE8F6720FF194D2 /* Pods-ios_feature_topic_edit.debug.xcconfig */ = {isa = PBXFileReference; includeInIndex = 1; lastKnownFileType = text.xcconfig; name = "Pods-ios_feature_topic_edit.debug.xcconfig"; path = "Target Support Files/Pods-ios_feature_topic_edit/Pods-ios_feature_topic_edit.debug.xcconfig"; sourceTree = "<group>"; };
		2163C0AF5857DB3E3F1885A4 /* Pods-RememberTests.release.xcconfig */ = {isa = PBXFileReference; includeInIndex = 1; lastKnownFileType = text.xcconfig; name = "Pods-RememberTests.release.xcconfig"; path = "Target Support Files/Pods-RememberTests/Pods-RememberTests.release.xcconfig"; sourceTree = "<group>"; };
		2413A795F74BB1A4F5B4757B /* Pods_ios_views2.framework */ = {isa = PBXFileReference; explicitFileType = wrapper.framework; includeInIndex = 0; path = Pods_ios_views2.framework; sourceTree = BUILT_PRODUCTS_DIR; };
		3704D4FE118B2556AC403688 /* Pods_ios_app_uitests.framework */ = {isa = PBXFileReference; explicitFileType = wrapper.framework; includeInIndex = 0; path = Pods_ios_app_uitests.framework; sourceTree = BUILT_PRODUCTS_DIR; };
		3BC97D1268201CA222897D7F /* Pods-ios_feature_topic_add.release.xcconfig */ = {isa = PBXFileReference; includeInIndex = 1; lastKnownFileType = text.xcconfig; name = "Pods-ios_feature_topic_add.release.xcconfig"; path = "Target Support Files/Pods-ios_feature_topic_add/Pods-ios_feature_topic_add.release.xcconfig"; sourceTree = "<group>"; };
		3D575C12A77D48C769ABB150 /* Pods-ios_app.debug.xcconfig */ = {isa = PBXFileReference; includeInIndex = 1; lastKnownFileType = text.xcconfig; name = "Pods-ios_app.debug.xcconfig"; path = "Target Support Files/Pods-ios_app/Pods-ios_app.debug.xcconfig"; sourceTree = "<group>"; };
		42BF821B877C970F9A4899AE /* Pods_ios_feature_hub.framework */ = {isa = PBXFileReference; explicitFileType = wrapper.framework; includeInIndex = 0; path = Pods_ios_feature_hub.framework; sourceTree = BUILT_PRODUCTS_DIR; };
		48C1929D688C72CD52B37642 /* Pods-ios_views2.debug.xcconfig */ = {isa = PBXFileReference; includeInIndex = 1; lastKnownFileType = text.xcconfig; name = "Pods-ios_views2.debug.xcconfig"; path = "Target Support Files/Pods-ios_views2/Pods-ios_views2.debug.xcconfig"; sourceTree = "<group>"; };
		4B0AF0C03527821759FB6EBD /* Pods_ios_dependencies2.framework */ = {isa = PBXFileReference; explicitFileType = wrapper.framework; includeInIndex = 0; path = Pods_ios_dependencies2.framework; sourceTree = BUILT_PRODUCTS_DIR; };
		4E2964B4177E40A00678D62B /* Pods_ios_feature_topics.framework */ = {isa = PBXFileReference; explicitFileType = wrapper.framework; includeInIndex = 0; path = Pods_ios_feature_topics.framework; sourceTree = BUILT_PRODUCTS_DIR; };
		528AB3F1A3EAC3EBC2C6ABEB /* Pods-ios_feature_topics.release.xcconfig */ = {isa = PBXFileReference; includeInIndex = 1; lastKnownFileType = text.xcconfig; name = "Pods-ios_feature_topics.release.xcconfig"; path = "Target Support Files/Pods-ios_feature_topics/Pods-ios_feature_topics.release.xcconfig"; sourceTree = "<group>"; };
		5ECEFE4AFC7CAA32F6CB22F2 /* Pods-ios_dependencies2.release.xcconfig */ = {isa = PBXFileReference; includeInIndex = 1; lastKnownFileType = text.xcconfig; name = "Pods-ios_dependencies2.release.xcconfig"; path = "Target Support Files/Pods-ios_dependencies2/Pods-ios_dependencies2.release.xcconfig"; sourceTree = "<group>"; };
		602EB3D497BA6563D06CFFA2 /* Pods-ios_views.debug.xcconfig */ = {isa = PBXFileReference; includeInIndex = 1; lastKnownFileType = text.xcconfig; name = "Pods-ios_views.debug.xcconfig"; path = "Target Support Files/Pods-ios_views/Pods-ios_views.debug.xcconfig"; sourceTree = "<group>"; };
		6BF015F8E72132E0FFE7E733 /* Pods-ios_feature_hub.release.xcconfig */ = {isa = PBXFileReference; includeInIndex = 1; lastKnownFileType = text.xcconfig; name = "Pods-ios_feature_hub.release.xcconfig"; path = "Target Support Files/Pods-ios_feature_hub/Pods-ios_feature_hub.release.xcconfig"; sourceTree = "<group>"; };
		768F0652800C7C56E0E84082 /* Pods-ios_dependencies.debug.xcconfig */ = {isa = PBXFileReference; includeInIndex = 1; lastKnownFileType = text.xcconfig; name = "Pods-ios_dependencies.debug.xcconfig"; path = "Target Support Files/Pods-ios_dependencies/Pods-ios_dependencies.debug.xcconfig"; sourceTree = "<group>"; };
		85A4F7B84E55C2498E67A0F0 /* Pods-Remember.debug.xcconfig */ = {isa = PBXFileReference; includeInIndex = 1; lastKnownFileType = text.xcconfig; name = "Pods-Remember.debug.xcconfig"; path = "Target Support Files/Pods-Remember/Pods-Remember.debug.xcconfig"; sourceTree = "<group>"; };
		87186EF27E76254D75181856 /* Pods-ios_views.release.xcconfig */ = {isa = PBXFileReference; includeInIndex = 1; lastKnownFileType = text.xcconfig; name = "Pods-ios_views.release.xcconfig"; path = "Target Support Files/Pods-ios_views/Pods-ios_views.release.xcconfig"; sourceTree = "<group>"; };
		8E532F909EE9A6E7A80FF289 /* Pods-ios_app.release.xcconfig */ = {isa = PBXFileReference; includeInIndex = 1; lastKnownFileType = text.xcconfig; name = "Pods-ios_app.release.xcconfig"; path = "Target Support Files/Pods-ios_app/Pods-ios_app.release.xcconfig"; sourceTree = "<group>"; };
		95CBE084A4FE6E79B23D3FE7 /* Pods-ios_feature_topic_add.debug.xcconfig */ = {isa = PBXFileReference; includeInIndex = 1; lastKnownFileType = text.xcconfig; name = "Pods-ios_feature_topic_add.debug.xcconfig"; path = "Target Support Files/Pods-ios_feature_topic_add/Pods-ios_feature_topic_add.debug.xcconfig"; sourceTree = "<group>"; };
		97F61403E55986F120F27025 /* Pods-ios_app_tests.debug.xcconfig */ = {isa = PBXFileReference; includeInIndex = 1; lastKnownFileType = text.xcconfig; name = "Pods-ios_app_tests.debug.xcconfig"; path = "Target Support Files/Pods-ios_app_tests/Pods-ios_app_tests.debug.xcconfig"; sourceTree = "<group>"; };
		993118CFFC3E1E505DC52323 /* Pods-ios_app_tests.release.xcconfig */ = {isa = PBXFileReference; includeInIndex = 1; lastKnownFileType = text.xcconfig; name = "Pods-ios_app_tests.release.xcconfig"; path = "Target Support Files/Pods-ios_app_tests/Pods-ios_app_tests.release.xcconfig"; sourceTree = "<group>"; };
		9A140D3B6C44D5A7C2D5C536 /* Pods_ios_app_tests.framework */ = {isa = PBXFileReference; explicitFileType = wrapper.framework; includeInIndex = 0; path = Pods_ios_app_tests.framework; sourceTree = BUILT_PRODUCTS_DIR; };
		9A6E36CFF02172784ED04114 /* Pods-RememberUITests.release.xcconfig */ = {isa = PBXFileReference; includeInIndex = 1; lastKnownFileType = text.xcconfig; name = "Pods-RememberUITests.release.xcconfig"; path = "Target Support Files/Pods-RememberUITests/Pods-RememberUITests.release.xcconfig"; sourceTree = "<group>"; };
		9DB98E00CAA37CAF8113EE21 /* Pods-RememberTests.debug.xcconfig */ = {isa = PBXFileReference; includeInIndex = 1; lastKnownFileType = text.xcconfig; name = "Pods-RememberTests.debug.xcconfig"; path = "Target Support Files/Pods-RememberTests/Pods-RememberTests.debug.xcconfig"; sourceTree = "<group>"; };
		A8EE04018E3D3E73474B7F2B /* Pods-ios_app_uitests.debug.xcconfig */ = {isa = PBXFileReference; includeInIndex = 1; lastKnownFileType = text.xcconfig; name = "Pods-ios_app_uitests.debug.xcconfig"; path = "Target Support Files/Pods-ios_app_uitests/Pods-ios_app_uitests.debug.xcconfig"; sourceTree = "<group>"; };
		BBFD73E7EFF9936586D9BC15 /* Pods-SharePreview.debug.xcconfig */ = {isa = PBXFileReference; includeInIndex = 1; lastKnownFileType = text.xcconfig; name = "Pods-SharePreview.debug.xcconfig"; path = "Target Support Files/Pods-SharePreview/Pods-SharePreview.debug.xcconfig"; sourceTree = "<group>"; };
		DF2F4C18EF1579C10CA07E94 /* Pods-ios_dependencies.release.xcconfig */ = {isa = PBXFileReference; includeInIndex = 1; lastKnownFileType = text.xcconfig; name = "Pods-ios_dependencies.release.xcconfig"; path = "Target Support Files/Pods-ios_dependencies/Pods-ios_dependencies.release.xcconfig"; sourceTree = "<group>"; };
		E4479F885826E69070EF9026 /* Pods_ios_feature_topic_add.framework */ = {isa = PBXFileReference; explicitFileType = wrapper.framework; includeInIndex = 0; path = Pods_ios_feature_topic_add.framework; sourceTree = BUILT_PRODUCTS_DIR; };
		E4D29E8740A7F773A970820D /* Pods-RememberUITests.debug.xcconfig */ = {isa = PBXFileReference; includeInIndex = 1; lastKnownFileType = text.xcconfig; name = "Pods-RememberUITests.debug.xcconfig"; path = "Target Support Files/Pods-RememberUITests/Pods-RememberUITests.debug.xcconfig"; sourceTree = "<group>"; };
		ED67B2DBDFE8A1769158C2A1 /* Pods-ios_feature_topics.debug.xcconfig */ = {isa = PBXFileReference; includeInIndex = 1; lastKnownFileType = text.xcconfig; name = "Pods-ios_feature_topics.debug.xcconfig"; path = "Target Support Files/Pods-ios_feature_topics/Pods-ios_feature_topics.debug.xcconfig"; sourceTree = "<group>"; };
		F21D32A9045292A515CA14A0 /* Pods_ios_feature_topic_edit.framework */ = {isa = PBXFileReference; explicitFileType = wrapper.framework; includeInIndex = 0; path = Pods_ios_feature_topic_edit.framework; sourceTree = BUILT_PRODUCTS_DIR; };
		F4C29A6DAC5C80C85CE05524 /* Pods-ios_dependencies2.debug.xcconfig */ = {isa = PBXFileReference; includeInIndex = 1; lastKnownFileType = text.xcconfig; name = "Pods-ios_dependencies2.debug.xcconfig"; path = "Target Support Files/Pods-ios_dependencies2/Pods-ios_dependencies2.debug.xcconfig"; sourceTree = "<group>"; };
		F5A029FB2870657FBCF68C43 /* Pods_ios_app.framework */ = {isa = PBXFileReference; explicitFileType = wrapper.framework; includeInIndex = 0; path = Pods_ios_app.framework; sourceTree = BUILT_PRODUCTS_DIR; };
		FCD5D1E324CF9A9082D60E3E /* Pods-ios_views2.release.xcconfig */ = {isa = PBXFileReference; includeInIndex = 1; lastKnownFileType = text.xcconfig; name = "Pods-ios_views2.release.xcconfig"; path = "Target Support Files/Pods-ios_views2/Pods-ios_views2.release.xcconfig"; sourceTree = "<group>"; };
/* End PBXFileReference section */

/* Begin PBXFrameworksBuildPhase section */
		1B72E0EA2444905C0042EBD7 /* Frameworks */ = {
			isa = PBXFrameworksBuildPhase;
			buildActionMask = 2147483647;
			files = (
				FE64FB8DBB6F57C7708316CF /* Pods_ios_feature_preview.framework in Frameworks */,
				1B10CC812483B8B90060657A /* RememberShared.framework in Frameworks */,
				1BE2B5C72493D1A300A082BC /* ios_views.framework in Frameworks */,
				1BE2B59C2493CE3400A082BC /* ios_dependencies.framework in Frameworks */,
			);
			runOnlyForDeploymentPostprocessing = 0;
		};
		1B7723C72482F884006150F2 /* Frameworks */ = {
			isa = PBXFrameworksBuildPhase;
			buildActionMask = 2147483647;
			files = (
			);
			runOnlyForDeploymentPostprocessing = 0;
		};
		1BA773CA2441E9600060EC1D /* Frameworks */ = {
			isa = PBXFrameworksBuildPhase;
			buildActionMask = 2147483647;
			files = (
				1BE2B77A24993C8700A082BC /* ios_feature_feed.framework in Frameworks */,
				1BE2B5C42493D19800A082BC /* ios_views.framework in Frameworks */,
				1BE2B6B42493D7A800A082BC /* ios_feature_topics.framework in Frameworks */,
				1BE2B6AB2493D79900A082BC /* ios_feature_hub.framework in Frameworks */,
				1B8414A424A133A600AD4660 /* ios_feature_display.framework in Frameworks */,
				1BE2B71B2499375600A082BC /* ios_feature_bookmarks.framework in Frameworks */,
				1BE2B6B12493D7A200A082BC /* ios_feature_topic_edit.framework in Frameworks */,
				1BE2B7A9249A9BF600A082BC /* ios_feature_rss.framework in Frameworks */,
				1B841466249FB4F800AD4660 /* ios_feature_rss_detail.framework in Frameworks */,
				A50BC53D350C131955AEAC79 /* Pods_ios_app.framework in Frameworks */,
				1B7723D12482F884006150F2 /* RememberShared.framework in Frameworks */,
				1BE2B6A82493D79300A082BC /* ios_feature_bookmark_edit.framework in Frameworks */,
				1BE2B5812493CD3300A082BC /* ios_dependencies.framework in Frameworks */,
				1BE2B6AE2493D79D00A082BC /* ios_feature_topic_add.framework in Frameworks */,
			);
			runOnlyForDeploymentPostprocessing = 0;
		};
		1BA773E02441E9670060EC1D /* Frameworks */ = {
			isa = PBXFrameworksBuildPhase;
			buildActionMask = 2147483647;
			files = (
				3889C007EC75333962CD00BB /* Pods_ios_app_tests.framework in Frameworks */,
			);
			runOnlyForDeploymentPostprocessing = 0;
		};
		1BA773EB2441E9670060EC1D /* Frameworks */ = {
			isa = PBXFrameworksBuildPhase;
			buildActionMask = 2147483647;
			files = (
				0BCC32B2684BC4B1D21AE22E /* Pods_ios_app_uitests.framework in Frameworks */,
			);
			runOnlyForDeploymentPostprocessing = 0;
		};
/* End PBXFrameworksBuildPhase section */

/* Begin PBXGroup section */
		1B72E0EE2444905C0042EBD7 /* ios_feature_preview */ = {
			isa = PBXGroup;
			children = (
				1BAEDA3C245ED3C5002A9D9B /* Views */,
				1BAEDA3B245ED2AD002A9D9B /* ViewStates */,
				1BAEDA34245ED27D002A9D9B /* Cells */,
				1BC2B087244797BB00E73BB6 /* preview.entitlements */,
				1B1826442444D6AD002F1361 /* Info.plist */,
				1B1826422444D67B002F1361 /* MainInterface.storyboard */,
			);
			path = ios_feature_preview;
			sourceTree = "<group>";
		};
		1B7723CB2482F884006150F2 /* RememberShared */ = {
			isa = PBXGroup;
			children = (
				1B7723CD2482F884006150F2 /* Info.plist */,
			);
			path = RememberShared;
			sourceTree = "<group>";
		};
		1B7DCF45248EC0F500E30038 /* Resources */ = {
			isa = PBXGroup;
			children = (
				1B7DCF46248EC10800E30038 /* Localizable.strings */,
			);
			path = Resources;
			sourceTree = "<group>";
		};
		1BA773C42441E9600060EC1D = {
			isa = PBXGroup;
			children = (
				1BA773CF2441E9600060EC1D /* ios_app */,
				1BA773E62441E9670060EC1D /* ios_app_tests */,
				1BA773F12441E9670060EC1D /* ios_app_uitests */,
				1B72E0EE2444905C0042EBD7 /* ios_feature_preview */,
				1B7723CB2482F884006150F2 /* RememberShared */,
				1BA773CE2441E9600060EC1D /* Products */,
				1BA774012441ED240060EC1D /* Frameworks */,
				65B5D446B87529E0875D4F1A /* Pods */,
			);
			sourceTree = "<group>";
		};
		1BA773CE2441E9600060EC1D /* Products */ = {
			isa = PBXGroup;
			children = (
				1BA773CD2441E9600060EC1D /* KeepJar.app */,
				1BA773E32441E9670060EC1D /* ios_app_tests.xctest */,
				1BA773EE2441E9670060EC1D /* ios_app_uitests.xctest */,
				1B72E0ED2444905C0042EBD7 /* ios_feature_preview.appex */,
				1B7723CA2482F884006150F2 /* RememberShared.framework */,
			);
			name = Products;
			sourceTree = "<group>";
		};
		1BA773CF2441E9600060EC1D /* ios_app */ = {
			isa = PBXGroup;
			children = (
				1B7DCF45248EC0F500E30038 /* Resources */,
				1BE01D562459F372000FC4AF /* App */,
				1B72E0FC244494C00042EBD7 /* app.entitlements */,
				1BA773D62441E9660060EC1D /* Assets.xcassets */,
				1BA773DB2441E9660060EC1D /* LaunchScreen.storyboard */,
				1BA773DE2441E9660060EC1D /* Info.plist */,
				1BA773D82441E9660060EC1D /* Preview Content */,
			);
			path = ios_app;
			sourceTree = "<group>";
		};
		1BA773D82441E9660060EC1D /* Preview Content */ = {
			isa = PBXGroup;
			children = (
				1BA773D92441E9660060EC1D /* Preview Assets.xcassets */,
			);
			path = "Preview Content";
			sourceTree = "<group>";
		};
		1BA773E62441E9670060EC1D /* ios_app_tests */ = {
			isa = PBXGroup;
			children = (
				1BA773E72441E9670060EC1D /* RememberTests.swift */,
				1BA773E92441E9670060EC1D /* Info.plist */,
			);
			path = ios_app_tests;
			sourceTree = "<group>";
		};
		1BA773F12441E9670060EC1D /* ios_app_uitests */ = {
			isa = PBXGroup;
			children = (
				1BA773F22441E9670060EC1D /* RememberUITests.swift */,
				1BA773F42441E9670060EC1D /* Info.plist */,
			);
			path = ios_app_uitests;
			sourceTree = "<group>";
		};
		1BA774012441ED240060EC1D /* Frameworks */ = {
			isa = PBXGroup;
			children = (
				1B8414A324A133A600AD4660 /* ios_feature_display.framework */,
				1B841465249FB4F800AD4660 /* ios_feature_rss_detail.framework */,
				1B841460249F9B8300AD4660 /* ios_feature_rss_items.framework */,
				1BE2B7A8249A9BF500A082BC /* ios_feature_rss.framework */,
				1BE2B77924993C8700A082BC /* ios_feature_feed.framework */,
				1BE2B71D2499376300A082BC /* ios_feature_subscriptions.framework */,
				1BE2B71A2499375600A082BC /* ios_feature_bookmarks.framework */,
				1BE2B6B32493D7A800A082BC /* ios_feature_topics.framework */,
				1BE2B6B02493D7A200A082BC /* ios_feature_topic_edit.framework */,
				1BE2B6AD2493D79D00A082BC /* ios_feature_topic_add.framework */,
				1BE2B6AA2493D79900A082BC /* ios_feature_hub.framework */,
				1BE2B6A72493D79300A082BC /* ios_feature_bookmark_edit.framework */,
				1BE2B5DA2493D1CA00A082BC /* ios_views.framework */,
				1BE2B5D62493D1C300A082BC /* ios_views.framework */,
				1BE2B5D22493D1BD00A082BC /* ios_views.framework */,
				1BE2B5CE2493D1B100A082BC /* ios_views.framework */,
				1BE2B5CA2493D1AA00A082BC /* ios_views.framework */,
				1BE2B5C62493D1A300A082BC /* ios_views.framework */,
				1BE2B5C32493D19800A082BC /* ios_views.framework */,
				1BE2B59B2493CE3400A082BC /* ios_dependencies.framework */,
				1BE2B5972493CE1800A082BC /* ios_dependencies.framework */,
				1BE2B5932493CE0F00A082BC /* ios_dependencies.framework */,
				1BE2B58F2493CE0200A082BC /* ios_dependencies.framework */,
				1BE2B58B2493CDF900A082BC /* ios_dependencies.framework */,
				1BE2B5872493CDDB00A082BC /* ios_dependencies.framework */,
				1BE2B5802493CD3300A082BC /* ios_dependencies.framework */,
				42BF821B877C970F9A4899AE /* Pods_ios_feature_hub.framework */,
				F5A029FB2870657FBCF68C43 /* Pods_ios_app.framework */,
				0E888A39247480EE424E1C21 /* Pods_ios_feature_preview.framework */,
				9A140D3B6C44D5A7C2D5C536 /* Pods_ios_app_tests.framework */,
				3704D4FE118B2556AC403688 /* Pods_ios_app_uitests.framework */,
				4E2964B4177E40A00678D62B /* Pods_ios_feature_topics.framework */,
				E4479F885826E69070EF9026 /* Pods_ios_feature_topic_add.framework */,
				F21D32A9045292A515CA14A0 /* Pods_ios_feature_topic_edit.framework */,
				2413A795F74BB1A4F5B4757B /* Pods_ios_views2.framework */,
				4B0AF0C03527821759FB6EBD /* Pods_ios_dependencies2.framework */,
			);
			name = Frameworks;
			sourceTree = "<group>";
		};
		1BAEDA34245ED27D002A9D9B /* Cells */ = {
			isa = PBXGroup;
			children = (
				1BAEDA35245ED290002A9D9B /* LinkPreviewCell.swift */,
				1BAEDA37245ED299002A9D9B /* TextPreviewCell.swift */,
				1BAEDA39245ED2A1002A9D9B /* ImagePreviewCell.swift */,
			);
			path = Cells;
			sourceTree = "<group>";
		};
		1BAEDA3B245ED2AD002A9D9B /* ViewStates */ = {
			isa = PBXGroup;
			children = (
				1BAEDA41245ED83D002A9D9B /* PreviewsViewState.swift */,
			);
			path = ViewStates;
			sourceTree = "<group>";
		};
		1BAEDA3C245ED3C5002A9D9B /* Views */ = {
			isa = PBXGroup;
			children = (
				1B7597B5244B314A009D5837 /* PreviewViewController.swift */,
				1BAEDA3D245ED3D2002A9D9B /* PreviewDataSource.swift */,
			);
			path = Views;
			sourceTree = "<group>";
		};
		1BE01D562459F372000FC4AF /* App */ = {
			isa = PBXGroup;
			children = (
				1BE01D542459F2B3000FC4AF /* AppNavigation.swift */,
				1B682C9424731AFA00658151 /* AppScreenFactory.swift */,
				1BA773D02441E9600060EC1D /* AppDelegate.swift */,
				1BA773D22441E9600060EC1D /* SceneDelegate.swift */,
			);
			path = App;
			sourceTree = "<group>";
		};
		65B5D446B87529E0875D4F1A /* Pods */ = {
			isa = PBXGroup;
			children = (
				85A4F7B84E55C2498E67A0F0 /* Pods-Remember.debug.xcconfig */,
				209B88ADE76F864D3F1BB738 /* Pods-Remember.release.xcconfig */,
				9DB98E00CAA37CAF8113EE21 /* Pods-RememberTests.debug.xcconfig */,
				2163C0AF5857DB3E3F1885A4 /* Pods-RememberTests.release.xcconfig */,
				E4D29E8740A7F773A970820D /* Pods-RememberUITests.debug.xcconfig */,
				9A6E36CFF02172784ED04114 /* Pods-RememberUITests.release.xcconfig */,
				BBFD73E7EFF9936586D9BC15 /* Pods-SharePreview.debug.xcconfig */,
				066A574D3C74827974F81853 /* Pods-SharePreview.release.xcconfig */,
				768F0652800C7C56E0E84082 /* Pods-ios_dependencies.debug.xcconfig */,
				DF2F4C18EF1579C10CA07E94 /* Pods-ios_dependencies.release.xcconfig */,
				087A15752769E7DE7CA1A578 /* Pods-ios_feature_hub.debug.xcconfig */,
				6BF015F8E72132E0FFE7E733 /* Pods-ios_feature_hub.release.xcconfig */,
				3D575C12A77D48C769ABB150 /* Pods-ios_app.debug.xcconfig */,
				8E532F909EE9A6E7A80FF289 /* Pods-ios_app.release.xcconfig */,
				16A07588AE3410D046DACE65 /* Pods-ios_feature_preview.debug.xcconfig */,
				00A62CC2C0124C1698D9EF8C /* Pods-ios_feature_preview.release.xcconfig */,
				97F61403E55986F120F27025 /* Pods-ios_app_tests.debug.xcconfig */,
				993118CFFC3E1E505DC52323 /* Pods-ios_app_tests.release.xcconfig */,
				A8EE04018E3D3E73474B7F2B /* Pods-ios_app_uitests.debug.xcconfig */,
				1CEAAA64881149E1EB6A6DF2 /* Pods-ios_app_uitests.release.xcconfig */,
				ED67B2DBDFE8A1769158C2A1 /* Pods-ios_feature_topics.debug.xcconfig */,
				528AB3F1A3EAC3EBC2C6ABEB /* Pods-ios_feature_topics.release.xcconfig */,
				95CBE084A4FE6E79B23D3FE7 /* Pods-ios_feature_topic_add.debug.xcconfig */,
				3BC97D1268201CA222897D7F /* Pods-ios_feature_topic_add.release.xcconfig */,
				602EB3D497BA6563D06CFFA2 /* Pods-ios_views.debug.xcconfig */,
				87186EF27E76254D75181856 /* Pods-ios_views.release.xcconfig */,
				20B1E607BCE8F6720FF194D2 /* Pods-ios_feature_topic_edit.debug.xcconfig */,
				10063E4B1471D9E7FD4823CA /* Pods-ios_feature_topic_edit.release.xcconfig */,
				48C1929D688C72CD52B37642 /* Pods-ios_views2.debug.xcconfig */,
				FCD5D1E324CF9A9082D60E3E /* Pods-ios_views2.release.xcconfig */,
				F4C29A6DAC5C80C85CE05524 /* Pods-ios_dependencies2.debug.xcconfig */,
				5ECEFE4AFC7CAA32F6CB22F2 /* Pods-ios_dependencies2.release.xcconfig */,
			);
			path = Pods;
			sourceTree = "<group>";
		};
/* End PBXGroup section */

/* Begin PBXNativeTarget section */
		1B72E0EC2444905C0042EBD7 /* ios_feature_preview */ = {
			isa = PBXNativeTarget;
			buildConfigurationList = 1B72E0F82444905D0042EBD7 /* Build configuration list for PBXNativeTarget "ios_feature_preview" */;
			buildPhases = (
				917C2C75CF8FC0D5477BC029 /* [CP] Check Pods Manifest.lock */,
				1B72E0E92444905C0042EBD7 /* Sources */,
				1B72E0EA2444905C0042EBD7 /* Frameworks */,
				1B72E0EB2444905C0042EBD7 /* Resources */,
			);
			buildRules = (
			);
			dependencies = (
				1B7724042482F9A7006150F2 /* PBXTargetDependency */,
			);
			name = ios_feature_preview;
			productName = SharePreview;
			productReference = 1B72E0ED2444905C0042EBD7 /* ios_feature_preview.appex */;
			productType = "com.apple.product-type.app-extension";
		};
		1B7723C92482F884006150F2 /* RememberShared */ = {
			isa = PBXNativeTarget;
			buildConfigurationList = 1B7723D52482F884006150F2 /* Build configuration list for PBXNativeTarget "RememberShared" */;
			buildPhases = (
				1B7723D62482F890006150F2 /* ShellScript */,
				1B7723C72482F884006150F2 /* Frameworks */,
			);
			buildRules = (
			);
			dependencies = (
			);
			name = RememberShared;
			productName = RememberShared;
			productReference = 1B7723CA2482F884006150F2 /* RememberShared.framework */;
			productType = "com.apple.product-type.framework";
		};
		1BA773CC2441E9600060EC1D /* ios_app */ = {
			isa = PBXNativeTarget;
			buildConfigurationList = 1BA773F72441E9670060EC1D /* Build configuration list for PBXNativeTarget "ios_app" */;
			buildPhases = (
				13FA099D3AE7775B67D77AC2 /* [CP] Check Pods Manifest.lock */,
				1BA773C92441E9600060EC1D /* Sources */,
				1BA773CA2441E9600060EC1D /* Frameworks */,
				1BA773CB2441E9600060EC1D /* Resources */,
				1BA774052441ED240060EC1D /* Embed Frameworks */,
				1B72E0FB2444905D0042EBD7 /* Embed App Extensions */,
				8F7C1CB80A635B8E9D5D2AEB /* [CP] Embed Pods Frameworks */,
			);
			buildRules = (
			);
			dependencies = (
				1B72E0F62444905D0042EBD7 /* PBXTargetDependency */,
			);
			name = ios_app;
			productName = Remember;
			productReference = 1BA773CD2441E9600060EC1D /* KeepJar.app */;
			productType = "com.apple.product-type.application";
		};
		1BA773E22441E9670060EC1D /* ios_app_tests */ = {
			isa = PBXNativeTarget;
			buildConfigurationList = 1BA773FA2441E9670060EC1D /* Build configuration list for PBXNativeTarget "ios_app_tests" */;
			buildPhases = (
				257FD3EB8A800324F17740E1 /* [CP] Check Pods Manifest.lock */,
				1BA773DF2441E9670060EC1D /* Sources */,
				1BA773E02441E9670060EC1D /* Frameworks */,
				1BA773E12441E9670060EC1D /* Resources */,
			);
			buildRules = (
			);
			dependencies = (
				1BA773E52441E9670060EC1D /* PBXTargetDependency */,
			);
			name = ios_app_tests;
			productName = RememberTests;
			productReference = 1BA773E32441E9670060EC1D /* ios_app_tests.xctest */;
			productType = "com.apple.product-type.bundle.unit-test";
		};
		1BA773ED2441E9670060EC1D /* ios_app_uitests */ = {
			isa = PBXNativeTarget;
			buildConfigurationList = 1BA773FD2441E9670060EC1D /* Build configuration list for PBXNativeTarget "ios_app_uitests" */;
			buildPhases = (
				76884C6A81442FD50EE17B15 /* [CP] Check Pods Manifest.lock */,
				1BA773EA2441E9670060EC1D /* Sources */,
				1BA773EB2441E9670060EC1D /* Frameworks */,
				1BA773EC2441E9670060EC1D /* Resources */,
			);
			buildRules = (
			);
			dependencies = (
				1BA773F02441E9670060EC1D /* PBXTargetDependency */,
			);
			name = ios_app_uitests;
			productName = RememberUITests;
			productReference = 1BA773EE2441E9670060EC1D /* ios_app_uitests.xctest */;
			productType = "com.apple.product-type.bundle.ui-testing";
		};
/* End PBXNativeTarget section */

/* Begin PBXProject section */
		1BA773C52441E9600060EC1D /* Project object */ = {
			isa = PBXProject;
			attributes = {
				LastSwiftUpdateCheck = 1130;
				LastUpgradeCheck = 1130;
				ORGANIZATIONNAME = "Gabriel Coman";
				TargetAttributes = {
					1B72E0EC2444905C0042EBD7 = {
						CreatedOnToolsVersion = 11.3.1;
						LastSwiftMigration = 1130;
					};
					1B7723C92482F884006150F2 = {
						CreatedOnToolsVersion = 11.3.1;
					};
					1BA773CC2441E9600060EC1D = {
						CreatedOnToolsVersion = 11.3.1;
					};
					1BA773E22441E9670060EC1D = {
						CreatedOnToolsVersion = 11.3.1;
						TestTargetID = 1BA773CC2441E9600060EC1D;
					};
					1BA773ED2441E9670060EC1D = {
						CreatedOnToolsVersion = 11.3.1;
						TestTargetID = 1BA773CC2441E9600060EC1D;
					};
				};
			};
			buildConfigurationList = 1BA773C82441E9600060EC1D /* Build configuration list for PBXProject "Remember" */;
			compatibilityVersion = "Xcode 9.3";
			developmentRegion = en;
			hasScannedForEncodings = 0;
			knownRegions = (
				en,
				Base,
			);
			mainGroup = 1BA773C42441E9600060EC1D;
			packageReferences = (
			);
			productRefGroup = 1BA773CE2441E9600060EC1D /* Products */;
			projectDirPath = "";
			projectRoot = "";
			targets = (
				1BA773CC2441E9600060EC1D /* ios_app */,
				1BA773E22441E9670060EC1D /* ios_app_tests */,
				1BA773ED2441E9670060EC1D /* ios_app_uitests */,
				1B72E0EC2444905C0042EBD7 /* ios_feature_preview */,
				1B7723C92482F884006150F2 /* RememberShared */,
			);
		};
/* End PBXProject section */

/* Begin PBXResourcesBuildPhase section */
		1B72E0EB2444905C0042EBD7 /* Resources */ = {
			isa = PBXResourcesBuildPhase;
			buildActionMask = 2147483647;
			files = (
				1B1826432444D67C002F1361 /* MainInterface.storyboard in Resources */,
			);
			runOnlyForDeploymentPostprocessing = 0;
		};
		1BA773CB2441E9600060EC1D /* Resources */ = {
			isa = PBXResourcesBuildPhase;
			buildActionMask = 2147483647;
			files = (
				1BA773DD2441E9660060EC1D /* LaunchScreen.storyboard in Resources */,
				1B7DCF48248EC2E000E30038 /* Localizable.strings in Resources */,
				1BA773DA2441E9660060EC1D /* Preview Assets.xcassets in Resources */,
				1BA773D72441E9660060EC1D /* Assets.xcassets in Resources */,
			);
			runOnlyForDeploymentPostprocessing = 0;
		};
		1BA773E12441E9670060EC1D /* Resources */ = {
			isa = PBXResourcesBuildPhase;
			buildActionMask = 2147483647;
			files = (
			);
			runOnlyForDeploymentPostprocessing = 0;
		};
		1BA773EC2441E9670060EC1D /* Resources */ = {
			isa = PBXResourcesBuildPhase;
			buildActionMask = 2147483647;
			files = (
			);
			runOnlyForDeploymentPostprocessing = 0;
		};
/* End PBXResourcesBuildPhase section */

/* Begin PBXShellScriptBuildPhase section */
		13FA099D3AE7775B67D77AC2 /* [CP] Check Pods Manifest.lock */ = {
			isa = PBXShellScriptBuildPhase;
			buildActionMask = 2147483647;
			files = (
			);
			inputFileListPaths = (
			);
			inputPaths = (
				"${PODS_PODFILE_DIR_PATH}/Podfile.lock",
				"${PODS_ROOT}/Manifest.lock",
			);
			name = "[CP] Check Pods Manifest.lock";
			outputFileListPaths = (
			);
			outputPaths = (
				"$(DERIVED_FILE_DIR)/Pods-ios_app-checkManifestLockResult.txt",
			);
			runOnlyForDeploymentPostprocessing = 0;
			shellPath = /bin/sh;
			shellScript = "diff \"${PODS_PODFILE_DIR_PATH}/Podfile.lock\" \"${PODS_ROOT}/Manifest.lock\" > /dev/null\nif [ $? != 0 ] ; then\n    # print error to STDERR\n    echo \"error: The sandbox is not in sync with the Podfile.lock. Run 'pod install' or update your CocoaPods installation.\" >&2\n    exit 1\nfi\n# This output is used by Xcode 'outputs' to avoid re-running this script phase.\necho \"SUCCESS\" > \"${SCRIPT_OUTPUT_FILE_0}\"\n";
			showEnvVarsInLog = 0;
		};
		1B7723D62482F890006150F2 /* ShellScript */ = {
			isa = PBXShellScriptBuildPhase;
			buildActionMask = 2147483647;
			files = (
			);
			inputFileListPaths = (
			);
			inputPaths = (
			);
			outputFileListPaths = (
			);
			outputPaths = (
			);
			runOnlyForDeploymentPostprocessing = 0;
			shellPath = /bin/sh;
			shellScript = "\"$SRCROOT/../gradlew\" -p \"$SRCROOT/../shared\" copyFramework \\\n-Pconfiguration.build.dir=\"$CONFIGURATION_BUILD_DIR\"          \\\n-Pkotlin.build.type=\"$KOTLIN_BUILD_TYPE\"                      \\\n-Pis32bit=\"$KOTLIN_IS32BIT\"                                   \\\n-Pdevice=\"$KOTLIN_DEVICE\"\n";
		};
		257FD3EB8A800324F17740E1 /* [CP] Check Pods Manifest.lock */ = {
			isa = PBXShellScriptBuildPhase;
			buildActionMask = 2147483647;
			files = (
			);
			inputFileListPaths = (
			);
			inputPaths = (
				"${PODS_PODFILE_DIR_PATH}/Podfile.lock",
				"${PODS_ROOT}/Manifest.lock",
			);
			name = "[CP] Check Pods Manifest.lock";
			outputFileListPaths = (
			);
			outputPaths = (
				"$(DERIVED_FILE_DIR)/Pods-ios_app_tests-checkManifestLockResult.txt",
			);
			runOnlyForDeploymentPostprocessing = 0;
			shellPath = /bin/sh;
			shellScript = "diff \"${PODS_PODFILE_DIR_PATH}/Podfile.lock\" \"${PODS_ROOT}/Manifest.lock\" > /dev/null\nif [ $? != 0 ] ; then\n    # print error to STDERR\n    echo \"error: The sandbox is not in sync with the Podfile.lock. Run 'pod install' or update your CocoaPods installation.\" >&2\n    exit 1\nfi\n# This output is used by Xcode 'outputs' to avoid re-running this script phase.\necho \"SUCCESS\" > \"${SCRIPT_OUTPUT_FILE_0}\"\n";
			showEnvVarsInLog = 0;
		};
		76884C6A81442FD50EE17B15 /* [CP] Check Pods Manifest.lock */ = {
			isa = PBXShellScriptBuildPhase;
			buildActionMask = 2147483647;
			files = (
			);
			inputFileListPaths = (
			);
			inputPaths = (
				"${PODS_PODFILE_DIR_PATH}/Podfile.lock",
				"${PODS_ROOT}/Manifest.lock",
			);
			name = "[CP] Check Pods Manifest.lock";
			outputFileListPaths = (
			);
			outputPaths = (
				"$(DERIVED_FILE_DIR)/Pods-ios_app_uitests-checkManifestLockResult.txt",
			);
			runOnlyForDeploymentPostprocessing = 0;
			shellPath = /bin/sh;
			shellScript = "diff \"${PODS_PODFILE_DIR_PATH}/Podfile.lock\" \"${PODS_ROOT}/Manifest.lock\" > /dev/null\nif [ $? != 0 ] ; then\n    # print error to STDERR\n    echo \"error: The sandbox is not in sync with the Podfile.lock. Run 'pod install' or update your CocoaPods installation.\" >&2\n    exit 1\nfi\n# This output is used by Xcode 'outputs' to avoid re-running this script phase.\necho \"SUCCESS\" > \"${SCRIPT_OUTPUT_FILE_0}\"\n";
			showEnvVarsInLog = 0;
		};
		8F7C1CB80A635B8E9D5D2AEB /* [CP] Embed Pods Frameworks */ = {
			isa = PBXShellScriptBuildPhase;
			buildActionMask = 2147483647;
			files = (
			);
			inputFileListPaths = (
				"${PODS_ROOT}/Target Support Files/Pods-ios_app/Pods-ios_app-frameworks-${CONFIGURATION}-input-files.xcfilelist",
			);
			name = "[CP] Embed Pods Frameworks";
			outputFileListPaths = (
				"${PODS_ROOT}/Target Support Files/Pods-ios_app/Pods-ios_app-frameworks-${CONFIGURATION}-output-files.xcfilelist",
			);
			runOnlyForDeploymentPostprocessing = 0;
			shellPath = /bin/sh;
			shellScript = "\"${PODS_ROOT}/Target Support Files/Pods-ios_app/Pods-ios_app-frameworks.sh\"\n";
			showEnvVarsInLog = 0;
		};
		917C2C75CF8FC0D5477BC029 /* [CP] Check Pods Manifest.lock */ = {
			isa = PBXShellScriptBuildPhase;
			buildActionMask = 2147483647;
			files = (
			);
			inputFileListPaths = (
			);
			inputPaths = (
				"${PODS_PODFILE_DIR_PATH}/Podfile.lock",
				"${PODS_ROOT}/Manifest.lock",
			);
			name = "[CP] Check Pods Manifest.lock";
			outputFileListPaths = (
			);
			outputPaths = (
				"$(DERIVED_FILE_DIR)/Pods-ios_feature_preview-checkManifestLockResult.txt",
			);
			runOnlyForDeploymentPostprocessing = 0;
			shellPath = /bin/sh;
			shellScript = "diff \"${PODS_PODFILE_DIR_PATH}/Podfile.lock\" \"${PODS_ROOT}/Manifest.lock\" > /dev/null\nif [ $? != 0 ] ; then\n    # print error to STDERR\n    echo \"error: The sandbox is not in sync with the Podfile.lock. Run 'pod install' or update your CocoaPods installation.\" >&2\n    exit 1\nfi\n# This output is used by Xcode 'outputs' to avoid re-running this script phase.\necho \"SUCCESS\" > \"${SCRIPT_OUTPUT_FILE_0}\"\n";
			showEnvVarsInLog = 0;
		};
/* End PBXShellScriptBuildPhase section */

/* Begin PBXSourcesBuildPhase section */
		1B72E0E92444905C0042EBD7 /* Sources */ = {
			isa = PBXSourcesBuildPhase;
			buildActionMask = 2147483647;
			files = (
				1BAEDA36245ED290002A9D9B /* LinkPreviewCell.swift in Sources */,
				1BAEDA3E245ED3D2002A9D9B /* PreviewDataSource.swift in Sources */,
				1BAEDA38245ED299002A9D9B /* TextPreviewCell.swift in Sources */,
				1BAEDA3A245ED2A1002A9D9B /* ImagePreviewCell.swift in Sources */,
				1B7597B6244B314A009D5837 /* PreviewViewController.swift in Sources */,
				1BAEDA42245ED83D002A9D9B /* PreviewsViewState.swift in Sources */,
			);
			runOnlyForDeploymentPostprocessing = 0;
		};
		1BA773C92441E9600060EC1D /* Sources */ = {
			isa = PBXSourcesBuildPhase;
			buildActionMask = 2147483647;
			files = (
				1BE01D552459F2B3000FC4AF /* AppNavigation.swift in Sources */,
				1BA773D12441E9600060EC1D /* AppDelegate.swift in Sources */,
				1B682C9524731AFA00658151 /* AppScreenFactory.swift in Sources */,
				1BA773D32441E9600060EC1D /* SceneDelegate.swift in Sources */,
			);
			runOnlyForDeploymentPostprocessing = 0;
		};
		1BA773DF2441E9670060EC1D /* Sources */ = {
			isa = PBXSourcesBuildPhase;
			buildActionMask = 2147483647;
			files = (
				1BA773E82441E9670060EC1D /* RememberTests.swift in Sources */,
			);
			runOnlyForDeploymentPostprocessing = 0;
		};
		1BA773EA2441E9670060EC1D /* Sources */ = {
			isa = PBXSourcesBuildPhase;
			buildActionMask = 2147483647;
			files = (
				1BA773F32441E9670060EC1D /* RememberUITests.swift in Sources */,
			);
			runOnlyForDeploymentPostprocessing = 0;
		};
/* End PBXSourcesBuildPhase section */

/* Begin PBXTargetDependency section */
		1B72E0F62444905D0042EBD7 /* PBXTargetDependency */ = {
			isa = PBXTargetDependency;
			target = 1B72E0EC2444905C0042EBD7 /* ios_feature_preview */;
			targetProxy = 1B72E0F52444905D0042EBD7 /* PBXContainerItemProxy */;
		};
		1B7724042482F9A7006150F2 /* PBXTargetDependency */ = {
			isa = PBXTargetDependency;
			target = 1B7723C92482F884006150F2 /* RememberShared */;
			targetProxy = 1B7724032482F9A7006150F2 /* PBXContainerItemProxy */;
		};
		1BA773E52441E9670060EC1D /* PBXTargetDependency */ = {
			isa = PBXTargetDependency;
			target = 1BA773CC2441E9600060EC1D /* ios_app */;
			targetProxy = 1BA773E42441E9670060EC1D /* PBXContainerItemProxy */;
		};
		1BA773F02441E9670060EC1D /* PBXTargetDependency */ = {
			isa = PBXTargetDependency;
			target = 1BA773CC2441E9600060EC1D /* ios_app */;
			targetProxy = 1BA773EF2441E9670060EC1D /* PBXContainerItemProxy */;
		};
/* End PBXTargetDependency section */

/* Begin PBXVariantGroup section */
		1BA773DB2441E9660060EC1D /* LaunchScreen.storyboard */ = {
			isa = PBXVariantGroup;
			children = (
				1BA773DC2441E9660060EC1D /* Base */,
			);
			name = LaunchScreen.storyboard;
			sourceTree = "<group>";
		};
/* End PBXVariantGroup section */

/* Begin XCBuildConfiguration section */
		1B72E0F92444905D0042EBD7 /* Debug */ = {
			isa = XCBuildConfiguration;
			baseConfigurationReference = 16A07588AE3410D046DACE65 /* Pods-ios_feature_preview.debug.xcconfig */;
			buildSettings = {
				CLANG_ENABLE_MODULES = YES;
				CODE_SIGN_ENTITLEMENTS = ios_feature_preview/preview.entitlements;
				CODE_SIGN_IDENTITY = "Apple Development";
				CODE_SIGN_STYLE = Automatic;
				CURRENT_PROJECT_VERSION = 6;
				DEVELOPMENT_TEAM = K79XEZP48K;
				FRAMEWORK_SEARCH_PATHS = "${inherited}";
				INFOPLIST_FILE = ios_feature_preview/Info.plist;
				LD_RUNPATH_SEARCH_PATHS = (
					"$(inherited)",
					"@executable_path/Frameworks",
					"@executable_path/../../Frameworks",
				);
				MARKETING_VERSION = 1.0.5;
				PRODUCT_BUNDLE_IDENTIFIER = com.app.keepjar.share;
				PRODUCT_NAME = "$(TARGET_NAME)";
				PROVISIONING_PROFILE_SPECIFIER = "";
				SKIP_INSTALL = YES;
				SWIFT_OPTIMIZATION_LEVEL = "-Onone";
				SWIFT_VERSION = 5.0;
				TARGETED_DEVICE_FAMILY = 1;
			};
			name = Debug;
		};
		1B72E0FA2444905D0042EBD7 /* Release */ = {
			isa = XCBuildConfiguration;
			baseConfigurationReference = 00A62CC2C0124C1698D9EF8C /* Pods-ios_feature_preview.release.xcconfig */;
			buildSettings = {
				CLANG_ENABLE_MODULES = YES;
				CODE_SIGN_ENTITLEMENTS = ios_feature_preview/preview.entitlements;
				CODE_SIGN_IDENTITY = "Apple Development";
				CODE_SIGN_STYLE = Automatic;
				CURRENT_PROJECT_VERSION = 6;
				DEVELOPMENT_TEAM = K79XEZP48K;
				FRAMEWORK_SEARCH_PATHS = "${inherited}";
				INFOPLIST_FILE = ios_feature_preview/Info.plist;
				LD_RUNPATH_SEARCH_PATHS = (
					"$(inherited)",
					"@executable_path/Frameworks",
					"@executable_path/../../Frameworks",
				);
				MARKETING_VERSION = 1.0.5;
				PRODUCT_BUNDLE_IDENTIFIER = com.app.keepjar.share;
				PRODUCT_NAME = "$(TARGET_NAME)";
				PROVISIONING_PROFILE_SPECIFIER = "";
				SKIP_INSTALL = YES;
				SWIFT_VERSION = 5.0;
				TARGETED_DEVICE_FAMILY = 1;
			};
			name = Release;
		};
		1B7723D32482F884006150F2 /* Debug */ = {
			isa = XCBuildConfiguration;
			buildSettings = {
				CODE_SIGN_IDENTITY = "Apple Development";
				CODE_SIGN_STYLE = Automatic;
				CURRENT_PROJECT_VERSION = 1;
				DEFINES_MODULE = YES;
				DERIVE_MACCATALYST_PRODUCT_BUNDLE_IDENTIFIER = NO;
				DEVELOPMENT_TEAM = K79XEZP48K;
				DYLIB_COMPATIBILITY_VERSION = 1;
				DYLIB_CURRENT_VERSION = 1;
				DYLIB_INSTALL_NAME_BASE = "@rpath";
				INFOPLIST_FILE = RememberShared/Info.plist;
				INSTALL_PATH = "$(LOCAL_LIBRARY_DIR)/Frameworks";
				KOTLIN_BUILD_TYPE = DEBUG;
				KOTLIN_DEVICE = "";
				"KOTLIN_DEVICE[sdk=iphoneos*]" = true;
				"KOTLIN_DEVICE[sdk=iphonesimulator*]" = false;
				KOTLIN_IS32BIT = false;
				LD_RUNPATH_SEARCH_PATHS = (
					"$(inherited)",
					"@executable_path/Frameworks",
					"@loader_path/Frameworks",
				);
				PRODUCT_BUNDLE_IDENTIFIER = com.app.keepjar.RememberShared.RememberShared;
				PRODUCT_NAME = "$(TARGET_NAME:c99extidentifier)";
				SKIP_INSTALL = YES;
				SUPPORTS_MACCATALYST = NO;
				SWIFT_VERSION = 5.0;
				TARGETED_DEVICE_FAMILY = "1,2";
				VERSIONING_SYSTEM = "apple-generic";
				VERSION_INFO_PREFIX = "";
			};
			name = Debug;
		};
		1B7723D42482F884006150F2 /* Release */ = {
			isa = XCBuildConfiguration;
			buildSettings = {
				CODE_SIGN_IDENTITY = "Apple Development";
				CODE_SIGN_STYLE = Automatic;
				CURRENT_PROJECT_VERSION = 1;
				DEFINES_MODULE = YES;
				DERIVE_MACCATALYST_PRODUCT_BUNDLE_IDENTIFIER = NO;
				DEVELOPMENT_TEAM = K79XEZP48K;
				DYLIB_COMPATIBILITY_VERSION = 1;
				DYLIB_CURRENT_VERSION = 1;
				DYLIB_INSTALL_NAME_BASE = "@rpath";
				INFOPLIST_FILE = RememberShared/Info.plist;
				INSTALL_PATH = "$(LOCAL_LIBRARY_DIR)/Frameworks";
				KOTLIN_BUILD_TYPE = RELEASE;
				KOTLIN_DEVICE = "";
				"KOTLIN_DEVICE[sdk=iphoneos*]" = true;
				"KOTLIN_DEVICE[sdk=iphonesimulator*]" = false;
				KOTLIN_IS32BIT = false;
				LD_RUNPATH_SEARCH_PATHS = (
					"$(inherited)",
					"@executable_path/Frameworks",
					"@loader_path/Frameworks",
				);
				PRODUCT_BUNDLE_IDENTIFIER = com.app.keepjar.RememberShared.RememberShared;
				PRODUCT_NAME = "$(TARGET_NAME:c99extidentifier)";
				SKIP_INSTALL = YES;
				SUPPORTS_MACCATALYST = NO;
				SWIFT_VERSION = 5.0;
				TARGETED_DEVICE_FAMILY = "1,2";
				VERSIONING_SYSTEM = "apple-generic";
				VERSION_INFO_PREFIX = "";
			};
			name = Release;
		};
		1BA773F52441E9670060EC1D /* Debug */ = {
			isa = XCBuildConfiguration;
			buildSettings = {
				ALWAYS_SEARCH_USER_PATHS = NO;
				CLANG_ANALYZER_NONNULL = YES;
				CLANG_ANALYZER_NUMBER_OBJECT_CONVERSION = YES_AGGRESSIVE;
				CLANG_CXX_LANGUAGE_STANDARD = "gnu++14";
				CLANG_CXX_LIBRARY = "libc++";
				CLANG_ENABLE_MODULES = YES;
				CLANG_ENABLE_OBJC_ARC = YES;
				CLANG_ENABLE_OBJC_WEAK = YES;
				CLANG_WARN_BLOCK_CAPTURE_AUTORELEASING = YES;
				CLANG_WARN_BOOL_CONVERSION = YES;
				CLANG_WARN_COMMA = YES;
				CLANG_WARN_CONSTANT_CONVERSION = YES;
				CLANG_WARN_DEPRECATED_OBJC_IMPLEMENTATIONS = YES;
				CLANG_WARN_DIRECT_OBJC_ISA_USAGE = YES_ERROR;
				CLANG_WARN_DOCUMENTATION_COMMENTS = YES;
				CLANG_WARN_EMPTY_BODY = YES;
				CLANG_WARN_ENUM_CONVERSION = YES;
				CLANG_WARN_INFINITE_RECURSION = YES;
				CLANG_WARN_INT_CONVERSION = YES;
				CLANG_WARN_NON_LITERAL_NULL_CONVERSION = YES;
				CLANG_WARN_OBJC_IMPLICIT_RETAIN_SELF = YES;
				CLANG_WARN_OBJC_LITERAL_CONVERSION = YES;
				CLANG_WARN_OBJC_ROOT_CLASS = YES_ERROR;
				CLANG_WARN_RANGE_LOOP_ANALYSIS = YES;
				CLANG_WARN_STRICT_PROTOTYPES = YES;
				CLANG_WARN_SUSPICIOUS_MOVE = YES;
				CLANG_WARN_UNGUARDED_AVAILABILITY = YES_AGGRESSIVE;
				CLANG_WARN_UNREACHABLE_CODE = YES;
				CLANG_WARN__DUPLICATE_METHOD_MATCH = YES;
				COPY_PHASE_STRIP = NO;
				DEBUG_INFORMATION_FORMAT = dwarf;
				ENABLE_STRICT_OBJC_MSGSEND = YES;
				ENABLE_TESTABILITY = YES;
				GCC_C_LANGUAGE_STANDARD = gnu11;
				GCC_DYNAMIC_NO_PIC = NO;
				GCC_NO_COMMON_BLOCKS = YES;
				GCC_OPTIMIZATION_LEVEL = 0;
				GCC_PREPROCESSOR_DEFINITIONS = (
					"DEBUG=1",
					"$(inherited)",
				);
				GCC_WARN_64_TO_32_BIT_CONVERSION = YES;
				GCC_WARN_ABOUT_RETURN_TYPE = YES_ERROR;
				GCC_WARN_UNDECLARED_SELECTOR = YES;
				GCC_WARN_UNINITIALIZED_AUTOS = YES_AGGRESSIVE;
				GCC_WARN_UNUSED_FUNCTION = YES;
				GCC_WARN_UNUSED_VARIABLE = YES;
				IPHONEOS_DEPLOYMENT_TARGET = 13.2;
				MTL_ENABLE_DEBUG_INFO = INCLUDE_SOURCE;
				MTL_FAST_MATH = YES;
				ONLY_ACTIVE_ARCH = YES;
				SDKROOT = iphoneos;
				SWIFT_ACTIVE_COMPILATION_CONDITIONS = DEBUG;
				SWIFT_OPTIMIZATION_LEVEL = "-Onone";
			};
			name = Debug;
		};
		1BA773F62441E9670060EC1D /* Release */ = {
			isa = XCBuildConfiguration;
			buildSettings = {
				ALWAYS_SEARCH_USER_PATHS = NO;
				CLANG_ANALYZER_NONNULL = YES;
				CLANG_ANALYZER_NUMBER_OBJECT_CONVERSION = YES_AGGRESSIVE;
				CLANG_CXX_LANGUAGE_STANDARD = "gnu++14";
				CLANG_CXX_LIBRARY = "libc++";
				CLANG_ENABLE_MODULES = YES;
				CLANG_ENABLE_OBJC_ARC = YES;
				CLANG_ENABLE_OBJC_WEAK = YES;
				CLANG_WARN_BLOCK_CAPTURE_AUTORELEASING = YES;
				CLANG_WARN_BOOL_CONVERSION = YES;
				CLANG_WARN_COMMA = YES;
				CLANG_WARN_CONSTANT_CONVERSION = YES;
				CLANG_WARN_DEPRECATED_OBJC_IMPLEMENTATIONS = YES;
				CLANG_WARN_DIRECT_OBJC_ISA_USAGE = YES_ERROR;
				CLANG_WARN_DOCUMENTATION_COMMENTS = YES;
				CLANG_WARN_EMPTY_BODY = YES;
				CLANG_WARN_ENUM_CONVERSION = YES;
				CLANG_WARN_INFINITE_RECURSION = YES;
				CLANG_WARN_INT_CONVERSION = YES;
				CLANG_WARN_NON_LITERAL_NULL_CONVERSION = YES;
				CLANG_WARN_OBJC_IMPLICIT_RETAIN_SELF = YES;
				CLANG_WARN_OBJC_LITERAL_CONVERSION = YES;
				CLANG_WARN_OBJC_ROOT_CLASS = YES_ERROR;
				CLANG_WARN_RANGE_LOOP_ANALYSIS = YES;
				CLANG_WARN_STRICT_PROTOTYPES = YES;
				CLANG_WARN_SUSPICIOUS_MOVE = YES;
				CLANG_WARN_UNGUARDED_AVAILABILITY = YES_AGGRESSIVE;
				CLANG_WARN_UNREACHABLE_CODE = YES;
				CLANG_WARN__DUPLICATE_METHOD_MATCH = YES;
				COPY_PHASE_STRIP = NO;
				DEBUG_INFORMATION_FORMAT = "dwarf-with-dsym";
				ENABLE_NS_ASSERTIONS = NO;
				ENABLE_STRICT_OBJC_MSGSEND = YES;
				GCC_C_LANGUAGE_STANDARD = gnu11;
				GCC_NO_COMMON_BLOCKS = YES;
				GCC_WARN_64_TO_32_BIT_CONVERSION = YES;
				GCC_WARN_ABOUT_RETURN_TYPE = YES_ERROR;
				GCC_WARN_UNDECLARED_SELECTOR = YES;
				GCC_WARN_UNINITIALIZED_AUTOS = YES_AGGRESSIVE;
				GCC_WARN_UNUSED_FUNCTION = YES;
				GCC_WARN_UNUSED_VARIABLE = YES;
				IPHONEOS_DEPLOYMENT_TARGET = 13.2;
				MTL_ENABLE_DEBUG_INFO = NO;
				MTL_FAST_MATH = YES;
				SDKROOT = iphoneos;
				SWIFT_COMPILATION_MODE = wholemodule;
				SWIFT_OPTIMIZATION_LEVEL = "-O";
				VALIDATE_PRODUCT = YES;
			};
			name = Release;
		};
		1BA773F82441E9670060EC1D /* Debug */ = {
			isa = XCBuildConfiguration;
			baseConfigurationReference = 3D575C12A77D48C769ABB150 /* Pods-ios_app.debug.xcconfig */;
			buildSettings = {
				ALWAYS_EMBED_SWIFT_STANDARD_LIBRARIES = YES;
				ASSETCATALOG_COMPILER_APPICON_NAME = AppIcon;
				CODE_SIGN_ENTITLEMENTS = ios_app/app.entitlements;
				CODE_SIGN_IDENTITY = "Apple Development";
				CODE_SIGN_STYLE = Automatic;
				CURRENT_PROJECT_VERSION = 6;
				DEVELOPMENT_ASSET_PATHS = "\"ios_app/Preview Content\"";
				DEVELOPMENT_TEAM = K79XEZP48K;
				ENABLE_PREVIEWS = YES;
				FRAMEWORK_SEARCH_PATHS = "${inherited}";
				INFOPLIST_FILE = ios_app/Info.plist;
				LD_RUNPATH_SEARCH_PATHS = (
					"$(inherited)",
					"@executable_path/Frameworks",
				);
				MARKETING_VERSION = 1.0.5;
				PRODUCT_BUNDLE_IDENTIFIER = com.app.keepjar;
				PRODUCT_NAME = KeepJar;
				PROVISIONING_PROFILE_SPECIFIER = "";
				SWIFT_VERSION = 5.0;
				TARGETED_DEVICE_FAMILY = "1,2";
			};
			name = Debug;
		};
		1BA773F92441E9670060EC1D /* Release */ = {
			isa = XCBuildConfiguration;
			baseConfigurationReference = 8E532F909EE9A6E7A80FF289 /* Pods-ios_app.release.xcconfig */;
			buildSettings = {
				ALWAYS_EMBED_SWIFT_STANDARD_LIBRARIES = YES;
				ASSETCATALOG_COMPILER_APPICON_NAME = AppIcon;
				CODE_SIGN_ENTITLEMENTS = ios_app/app.entitlements;
				CODE_SIGN_IDENTITY = "Apple Development";
				CODE_SIGN_STYLE = Automatic;
				CURRENT_PROJECT_VERSION = 6;
				DEVELOPMENT_ASSET_PATHS = "\"ios_app/Preview Content\"";
				DEVELOPMENT_TEAM = K79XEZP48K;
				ENABLE_PREVIEWS = YES;
				FRAMEWORK_SEARCH_PATHS = "${inherited}";
				INFOPLIST_FILE = ios_app/Info.plist;
				LD_RUNPATH_SEARCH_PATHS = (
					"$(inherited)",
					"@executable_path/Frameworks",
				);
				MARKETING_VERSION = 1.0.5;
				PRODUCT_BUNDLE_IDENTIFIER = com.app.keepjar;
				PRODUCT_NAME = KeepJar;
				PROVISIONING_PROFILE_SPECIFIER = "";
				SWIFT_VERSION = 5.0;
				TARGETED_DEVICE_FAMILY = "1,2";
			};
			name = Release;
		};
		1BA773FB2441E9670060EC1D /* Debug */ = {
			isa = XCBuildConfiguration;
			baseConfigurationReference = 97F61403E55986F120F27025 /* Pods-ios_app_tests.debug.xcconfig */;
			buildSettings = {
				ALWAYS_EMBED_SWIFT_STANDARD_LIBRARIES = YES;
				BUNDLE_LOADER = "$(TEST_HOST)";
				CODE_SIGN_STYLE = Automatic;
				DEVELOPMENT_TEAM = K79XEZP48K;
				INFOPLIST_FILE = ios_app_tests/Info.plist;
				IPHONEOS_DEPLOYMENT_TARGET = 13.2;
				LD_RUNPATH_SEARCH_PATHS = (
					"$(inherited)",
					"@executable_path/Frameworks",
					"@loader_path/Frameworks",
				);
				PRODUCT_BUNDLE_IDENTIFIER = com.app.RememberTests;
				PRODUCT_NAME = "$(TARGET_NAME)";
				SWIFT_VERSION = 5.0;
				TARGETED_DEVICE_FAMILY = "1,2";
				TEST_HOST = "$(BUILT_PRODUCTS_DIR)/ios_app.app/ios_app";
			};
			name = Debug;
		};
		1BA773FC2441E9670060EC1D /* Release */ = {
			isa = XCBuildConfiguration;
			baseConfigurationReference = 993118CFFC3E1E505DC52323 /* Pods-ios_app_tests.release.xcconfig */;
			buildSettings = {
				ALWAYS_EMBED_SWIFT_STANDARD_LIBRARIES = YES;
				BUNDLE_LOADER = "$(TEST_HOST)";
				CODE_SIGN_STYLE = Automatic;
				DEVELOPMENT_TEAM = K79XEZP48K;
				INFOPLIST_FILE = ios_app_tests/Info.plist;
				IPHONEOS_DEPLOYMENT_TARGET = 13.2;
				LD_RUNPATH_SEARCH_PATHS = (
					"$(inherited)",
					"@executable_path/Frameworks",
					"@loader_path/Frameworks",
				);
				PRODUCT_BUNDLE_IDENTIFIER = com.app.RememberTests;
				PRODUCT_NAME = "$(TARGET_NAME)";
				SWIFT_VERSION = 5.0;
				TARGETED_DEVICE_FAMILY = "1,2";
				TEST_HOST = "$(BUILT_PRODUCTS_DIR)/ios_app.app/ios_app";
			};
			name = Release;
		};
		1BA773FE2441E9670060EC1D /* Debug */ = {
			isa = XCBuildConfiguration;
			baseConfigurationReference = A8EE04018E3D3E73474B7F2B /* Pods-ios_app_uitests.debug.xcconfig */;
			buildSettings = {
				ALWAYS_EMBED_SWIFT_STANDARD_LIBRARIES = YES;
				CODE_SIGN_STYLE = Automatic;
				DEVELOPMENT_TEAM = K79XEZP48K;
				INFOPLIST_FILE = ios_app_uitests/Info.plist;
				LD_RUNPATH_SEARCH_PATHS = (
					"$(inherited)",
					"@executable_path/Frameworks",
					"@loader_path/Frameworks",
				);
				PRODUCT_BUNDLE_IDENTIFIER = com.app.RememberUITests;
				PRODUCT_NAME = "$(TARGET_NAME)";
				PROVISIONING_PROFILE = "";
				SWIFT_VERSION = 5.0;
				TARGETED_DEVICE_FAMILY = "1,2";
				TEST_TARGET_NAME = ios_app;
			};
			name = Debug;
		};
		1BA773FF2441E9670060EC1D /* Release */ = {
			isa = XCBuildConfiguration;
			baseConfigurationReference = 1CEAAA64881149E1EB6A6DF2 /* Pods-ios_app_uitests.release.xcconfig */;
			buildSettings = {
				ALWAYS_EMBED_SWIFT_STANDARD_LIBRARIES = YES;
				CODE_SIGN_STYLE = Automatic;
				DEVELOPMENT_TEAM = K79XEZP48K;
				INFOPLIST_FILE = ios_app_uitests/Info.plist;
				LD_RUNPATH_SEARCH_PATHS = (
					"$(inherited)",
					"@executable_path/Frameworks",
					"@loader_path/Frameworks",
				);
				PRODUCT_BUNDLE_IDENTIFIER = com.app.RememberUITests;
				PRODUCT_NAME = "$(TARGET_NAME)";
				PROVISIONING_PROFILE = "";
				SWIFT_VERSION = 5.0;
				TARGETED_DEVICE_FAMILY = "1,2";
				TEST_TARGET_NAME = ios_app;
			};
			name = Release;
		};
/* End XCBuildConfiguration section */

/* Begin XCConfigurationList section */
		1B72E0F82444905D0042EBD7 /* Build configuration list for PBXNativeTarget "ios_feature_preview" */ = {
			isa = XCConfigurationList;
			buildConfigurations = (
				1B72E0F92444905D0042EBD7 /* Debug */,
				1B72E0FA2444905D0042EBD7 /* Release */,
			);
			defaultConfigurationIsVisible = 0;
			defaultConfigurationName = Release;
		};
		1B7723D52482F884006150F2 /* Build configuration list for PBXNativeTarget "RememberShared" */ = {
			isa = XCConfigurationList;
			buildConfigurations = (
				1B7723D32482F884006150F2 /* Debug */,
				1B7723D42482F884006150F2 /* Release */,
			);
			defaultConfigurationIsVisible = 0;
			defaultConfigurationName = Release;
		};
		1BA773C82441E9600060EC1D /* Build configuration list for PBXProject "Remember" */ = {
			isa = XCConfigurationList;
			buildConfigurations = (
				1BA773F52441E9670060EC1D /* Debug */,
				1BA773F62441E9670060EC1D /* Release */,
			);
			defaultConfigurationIsVisible = 0;
			defaultConfigurationName = Release;
		};
		1BA773F72441E9670060EC1D /* Build configuration list for PBXNativeTarget "ios_app" */ = {
			isa = XCConfigurationList;
			buildConfigurations = (
				1BA773F82441E9670060EC1D /* Debug */,
				1BA773F92441E9670060EC1D /* Release */,
			);
			defaultConfigurationIsVisible = 0;
			defaultConfigurationName = Release;
		};
		1BA773FA2441E9670060EC1D /* Build configuration list for PBXNativeTarget "ios_app_tests" */ = {
			isa = XCConfigurationList;
			buildConfigurations = (
				1BA773FB2441E9670060EC1D /* Debug */,
				1BA773FC2441E9670060EC1D /* Release */,
			);
			defaultConfigurationIsVisible = 0;
			defaultConfigurationName = Release;
		};
		1BA773FD2441E9670060EC1D /* Build configuration list for PBXNativeTarget "ios_app_uitests" */ = {
			isa = XCConfigurationList;
			buildConfigurations = (
				1BA773FE2441E9670060EC1D /* Debug */,
				1BA773FF2441E9670060EC1D /* Release */,
			);
			defaultConfigurationIsVisible = 0;
			defaultConfigurationName = Release;
		};
/* End XCConfigurationList section */
	};
	rootObject = 1BA773C52441E9600060EC1D /* Project object */;
}
