// !$*UTF8*$!
{
	archiveVersion = 1;
	classes = {
	};
	objectVersion = 51;
	objects = {

/* Begin PBXBuildFile section */
		0DD3472DC85281A17A693D50 /* Pods_RememberUITests.framework in Frameworks */ = {isa = PBXBuildFile; fileRef = 69873F0B76C33CEB7C5AA587 /* Pods_RememberUITests.framework */; };
		1B1826432444D67C002F1361 /* MainInterface.storyboard in Resources */ = {isa = PBXBuildFile; fileRef = 1B1826422444D67B002F1361 /* MainInterface.storyboard */; };
		1B72E0F02444905D0042EBD7 /* ShareViewController.swift in Sources */ = {isa = PBXBuildFile; fileRef = 1B72E0EF2444905D0042EBD7 /* ShareViewController.swift */; };
		1B72E0F72444905D0042EBD7 /* SharePreview.appex in Embed App Extensions */ = {isa = PBXBuildFile; fileRef = 1B72E0ED2444905C0042EBD7 /* SharePreview.appex */; settings = {ATTRIBUTES = (RemoveHeadersOnCopy, ); }; };
		1B72E0FE24449DF70042EBD7 /* RememberShared.framework in Frameworks */ = {isa = PBXBuildFile; fileRef = 1BA774062441EDC60060EC1D /* RememberShared.framework */; };
		1B72E0FF24449DF70042EBD7 /* RememberShared.framework in Embed Frameworks */ = {isa = PBXBuildFile; fileRef = 1BA774062441EDC60060EC1D /* RememberShared.framework */; settings = {ATTRIBUTES = (CodeSignOnCopy, RemoveHeadersOnCopy, ); }; };
		1BA773D12441E9600060EC1D /* AppDelegate.swift in Sources */ = {isa = PBXBuildFile; fileRef = 1BA773D02441E9600060EC1D /* AppDelegate.swift */; };
		1BA773D32441E9600060EC1D /* SceneDelegate.swift in Sources */ = {isa = PBXBuildFile; fileRef = 1BA773D22441E9600060EC1D /* SceneDelegate.swift */; };
		1BA773D52441E9600060EC1D /* ContentView.swift in Sources */ = {isa = PBXBuildFile; fileRef = 1BA773D42441E9600060EC1D /* ContentView.swift */; };
		1BA773D72441E9660060EC1D /* Assets.xcassets in Resources */ = {isa = PBXBuildFile; fileRef = 1BA773D62441E9660060EC1D /* Assets.xcassets */; };
		1BA773DA2441E9660060EC1D /* Preview Assets.xcassets in Resources */ = {isa = PBXBuildFile; fileRef = 1BA773D92441E9660060EC1D /* Preview Assets.xcassets */; };
		1BA773DD2441E9660060EC1D /* LaunchScreen.storyboard in Resources */ = {isa = PBXBuildFile; fileRef = 1BA773DB2441E9660060EC1D /* LaunchScreen.storyboard */; };
		1BA773E82441E9670060EC1D /* RememberTests.swift in Sources */ = {isa = PBXBuildFile; fileRef = 1BA773E72441E9670060EC1D /* RememberTests.swift */; };
		1BA773F32441E9670060EC1D /* RememberUITests.swift in Sources */ = {isa = PBXBuildFile; fileRef = 1BA773F22441E9670060EC1D /* RememberUITests.swift */; };
		1BA774072441EDC60060EC1D /* RememberShared.framework in Frameworks */ = {isa = PBXBuildFile; fileRef = 1BA774062441EDC60060EC1D /* RememberShared.framework */; };
		1BA774082441EDC60060EC1D /* RememberShared.framework in Embed Frameworks */ = {isa = PBXBuildFile; fileRef = 1BA774062441EDC60060EC1D /* RememberShared.framework */; settings = {ATTRIBUTES = (CodeSignOnCopy, RemoveHeadersOnCopy, ); }; };
		1BC2B0452446302B00E73BB6 /* common.h in Headers */ = {isa = PBXBuildFile; fileRef = 1BC2B0432446302B00E73BB6 /* common.h */; settings = {ATTRIBUTES = (Public, ); }; };
		1BC2B0482446302B00E73BB6 /* common.framework in Frameworks */ = {isa = PBXBuildFile; fileRef = 1BC2B0412446302B00E73BB6 /* common.framework */; };
		1BC2B0492446302B00E73BB6 /* common.framework in Embed Frameworks */ = {isa = PBXBuildFile; fileRef = 1BC2B0412446302B00E73BB6 /* common.framework */; settings = {ATTRIBUTES = (CodeSignOnCopy, RemoveHeadersOnCopy, ); }; };
		1BC2B04F244631A800E73BB6 /* RememberShared.framework in Frameworks */ = {isa = PBXBuildFile; fileRef = 1BA774062441EDC60060EC1D /* RememberShared.framework */; };
		1BC2B050244631A800E73BB6 /* RememberShared.framework in Embed Frameworks */ = {isa = PBXBuildFile; fileRef = 1BA774062441EDC60060EC1D /* RememberShared.framework */; settings = {ATTRIBUTES = (CodeSignOnCopy, RemoveHeadersOnCopy, ); }; };
		1BC2B0542446324100E73BB6 /* iOSDataProcess.swift in Sources */ = {isa = PBXBuildFile; fileRef = 1BC2B0522446324100E73BB6 /* iOSDataProcess.swift */; };
		1BC2B0552446324100E73BB6 /* ExtensionContextDataCapture.swift in Sources */ = {isa = PBXBuildFile; fileRef = 1BC2B0532446324100E73BB6 /* ExtensionContextDataCapture.swift */; };
		55BD566A834A29B8EECAB76A /* Pods_RememberTests.framework in Frameworks */ = {isa = PBXBuildFile; fileRef = C9A370652B0E6B7AF34C4373 /* Pods_RememberTests.framework */; };
		67F1BA1A9D203F34777000AC /* Pods_common.framework in Frameworks */ = {isa = PBXBuildFile; fileRef = 676067E73660622F8CE8D567 /* Pods_common.framework */; };
		6906FBE769DA967DC32AAE83 /* Pods_Remember.framework in Frameworks */ = {isa = PBXBuildFile; fileRef = BA85FD0FAF2FD08AA0573A00 /* Pods_Remember.framework */; };
		7733625158468767252A869F /* Pods_SharePreview.framework in Frameworks */ = {isa = PBXBuildFile; fileRef = BEAC50CBAA2836BF2C751F8C /* Pods_SharePreview.framework */; };
/* End PBXBuildFile section */

/* Begin PBXContainerItemProxy section */
		1B72E0F52444905D0042EBD7 /* PBXContainerItemProxy */ = {
			isa = PBXContainerItemProxy;
			containerPortal = 1BA773C52441E9600060EC1D /* Project object */;
			proxyType = 1;
			remoteGlobalIDString = 1B72E0EC2444905C0042EBD7;
			remoteInfo = SharePreview;
		};
		1BA773E42441E9670060EC1D /* PBXContainerItemProxy */ = {
			isa = PBXContainerItemProxy;
			containerPortal = 1BA773C52441E9600060EC1D /* Project object */;
			proxyType = 1;
			remoteGlobalIDString = 1BA773CC2441E9600060EC1D;
			remoteInfo = Remember;
		};
		1BA773EF2441E9670060EC1D /* PBXContainerItemProxy */ = {
			isa = PBXContainerItemProxy;
			containerPortal = 1BA773C52441E9600060EC1D /* Project object */;
			proxyType = 1;
			remoteGlobalIDString = 1BA773CC2441E9600060EC1D;
			remoteInfo = Remember;
		};
		1BC2B0462446302B00E73BB6 /* PBXContainerItemProxy */ = {
			isa = PBXContainerItemProxy;
			containerPortal = 1BA773C52441E9600060EC1D /* Project object */;
			proxyType = 1;
			remoteGlobalIDString = 1BC2B0402446302B00E73BB6;
			remoteInfo = common;
		};
/* End PBXContainerItemProxy section */

/* Begin PBXCopyFilesBuildPhase section */
		1B72E0FB2444905D0042EBD7 /* Embed App Extensions */ = {
			isa = PBXCopyFilesBuildPhase;
			buildActionMask = 2147483647;
			dstPath = "";
			dstSubfolderSpec = 13;
			files = (
				1B72E0F72444905D0042EBD7 /* SharePreview.appex in Embed App Extensions */,
			);
			name = "Embed App Extensions";
			runOnlyForDeploymentPostprocessing = 0;
		};
		1B72E10024449DF70042EBD7 /* Embed Frameworks */ = {
			isa = PBXCopyFilesBuildPhase;
			buildActionMask = 2147483647;
			dstPath = "";
			dstSubfolderSpec = 10;
			files = (
				1B72E0FF24449DF70042EBD7 /* RememberShared.framework in Embed Frameworks */,
			);
			name = "Embed Frameworks";
			runOnlyForDeploymentPostprocessing = 0;
		};
		1BA774052441ED240060EC1D /* Embed Frameworks */ = {
			isa = PBXCopyFilesBuildPhase;
			buildActionMask = 2147483647;
			dstPath = "";
			dstSubfolderSpec = 10;
			files = (
				1BA774082441EDC60060EC1D /* RememberShared.framework in Embed Frameworks */,
				1BC2B0492446302B00E73BB6 /* common.framework in Embed Frameworks */,
			);
			name = "Embed Frameworks";
			runOnlyForDeploymentPostprocessing = 0;
		};
		1BC2B051244631A800E73BB6 /* Embed Frameworks */ = {
			isa = PBXCopyFilesBuildPhase;
			buildActionMask = 2147483647;
			dstPath = "";
			dstSubfolderSpec = 10;
			files = (
				1BC2B050244631A800E73BB6 /* RememberShared.framework in Embed Frameworks */,
			);
			name = "Embed Frameworks";
			runOnlyForDeploymentPostprocessing = 0;
		};
/* End PBXCopyFilesBuildPhase section */

/* Begin PBXFileReference section */
		066A574D3C74827974F81853 /* Pods-SharePreview.release.xcconfig */ = {isa = PBXFileReference; includeInIndex = 1; lastKnownFileType = text.xcconfig; name = "Pods-SharePreview.release.xcconfig"; path = "Target Support Files/Pods-SharePreview/Pods-SharePreview.release.xcconfig"; sourceTree = "<group>"; };
		1B1826422444D67B002F1361 /* MainInterface.storyboard */ = {isa = PBXFileReference; fileEncoding = 4; lastKnownFileType = file.storyboard; path = MainInterface.storyboard; sourceTree = "<group>"; };
		1B1826442444D6AD002F1361 /* Info.plist */ = {isa = PBXFileReference; fileEncoding = 4; lastKnownFileType = text.plist.xml; path = Info.plist; sourceTree = "<group>"; };
		1B72E0ED2444905C0042EBD7 /* SharePreview.appex */ = {isa = PBXFileReference; explicitFileType = "wrapper.app-extension"; includeInIndex = 0; path = SharePreview.appex; sourceTree = BUILT_PRODUCTS_DIR; };
		1B72E0EF2444905D0042EBD7 /* ShareViewController.swift */ = {isa = PBXFileReference; lastKnownFileType = sourcecode.swift; path = ShareViewController.swift; sourceTree = "<group>"; };
		1B72E0FC244494C00042EBD7 /* Remember.entitlements */ = {isa = PBXFileReference; lastKnownFileType = text.plist.entitlements; path = Remember.entitlements; sourceTree = "<group>"; };
		1BA773CD2441E9600060EC1D /* Remember.app */ = {isa = PBXFileReference; explicitFileType = wrapper.application; includeInIndex = 0; path = Remember.app; sourceTree = BUILT_PRODUCTS_DIR; };
		1BA773D02441E9600060EC1D /* AppDelegate.swift */ = {isa = PBXFileReference; lastKnownFileType = sourcecode.swift; path = AppDelegate.swift; sourceTree = "<group>"; };
		1BA773D22441E9600060EC1D /* SceneDelegate.swift */ = {isa = PBXFileReference; lastKnownFileType = sourcecode.swift; path = SceneDelegate.swift; sourceTree = "<group>"; };
		1BA773D42441E9600060EC1D /* ContentView.swift */ = {isa = PBXFileReference; lastKnownFileType = sourcecode.swift; path = ContentView.swift; sourceTree = "<group>"; };
		1BA773D62441E9660060EC1D /* Assets.xcassets */ = {isa = PBXFileReference; lastKnownFileType = folder.assetcatalog; path = Assets.xcassets; sourceTree = "<group>"; };
		1BA773D92441E9660060EC1D /* Preview Assets.xcassets */ = {isa = PBXFileReference; lastKnownFileType = folder.assetcatalog; path = "Preview Assets.xcassets"; sourceTree = "<group>"; };
		1BA773DC2441E9660060EC1D /* Base */ = {isa = PBXFileReference; lastKnownFileType = file.storyboard; name = Base; path = Base.lproj/LaunchScreen.storyboard; sourceTree = "<group>"; };
		1BA773DE2441E9660060EC1D /* Info.plist */ = {isa = PBXFileReference; lastKnownFileType = text.plist.xml; path = Info.plist; sourceTree = "<group>"; };
		1BA773E32441E9670060EC1D /* RememberTests.xctest */ = {isa = PBXFileReference; explicitFileType = wrapper.cfbundle; includeInIndex = 0; path = RememberTests.xctest; sourceTree = BUILT_PRODUCTS_DIR; };
		1BA773E72441E9670060EC1D /* RememberTests.swift */ = {isa = PBXFileReference; lastKnownFileType = sourcecode.swift; path = RememberTests.swift; sourceTree = "<group>"; };
		1BA773E92441E9670060EC1D /* Info.plist */ = {isa = PBXFileReference; lastKnownFileType = text.plist.xml; path = Info.plist; sourceTree = "<group>"; };
		1BA773EE2441E9670060EC1D /* RememberUITests.xctest */ = {isa = PBXFileReference; explicitFileType = wrapper.cfbundle; includeInIndex = 0; path = RememberUITests.xctest; sourceTree = BUILT_PRODUCTS_DIR; };
		1BA773F22441E9670060EC1D /* RememberUITests.swift */ = {isa = PBXFileReference; lastKnownFileType = sourcecode.swift; path = RememberUITests.swift; sourceTree = "<group>"; };
		1BA773F42441E9670060EC1D /* Info.plist */ = {isa = PBXFileReference; lastKnownFileType = text.plist.xml; path = Info.plist; sourceTree = "<group>"; };
		1BA774062441EDC60060EC1D /* RememberShared.framework */ = {isa = PBXFileReference; lastKnownFileType = wrapper.framework; name = RememberShared.framework; path = "../shared/build/xcode-frameworks/RememberShared.framework"; sourceTree = "<group>"; };
		1BC2B0412446302B00E73BB6 /* common.framework */ = {isa = PBXFileReference; explicitFileType = wrapper.framework; includeInIndex = 0; path = common.framework; sourceTree = BUILT_PRODUCTS_DIR; };
		1BC2B0432446302B00E73BB6 /* common.h */ = {isa = PBXFileReference; lastKnownFileType = sourcecode.c.h; path = common.h; sourceTree = "<group>"; };
		1BC2B0442446302B00E73BB6 /* Info.plist */ = {isa = PBXFileReference; lastKnownFileType = text.plist.xml; path = Info.plist; sourceTree = "<group>"; };
		1BC2B0522446324100E73BB6 /* iOSDataProcess.swift */ = {isa = PBXFileReference; fileEncoding = 4; lastKnownFileType = sourcecode.swift; path = iOSDataProcess.swift; sourceTree = "<group>"; };
		1BC2B0532446324100E73BB6 /* ExtensionContextDataCapture.swift */ = {isa = PBXFileReference; fileEncoding = 4; lastKnownFileType = sourcecode.swift; path = ExtensionContextDataCapture.swift; sourceTree = "<group>"; };
		209B88ADE76F864D3F1BB738 /* Pods-Remember.release.xcconfig */ = {isa = PBXFileReference; includeInIndex = 1; lastKnownFileType = text.xcconfig; name = "Pods-Remember.release.xcconfig"; path = "Target Support Files/Pods-Remember/Pods-Remember.release.xcconfig"; sourceTree = "<group>"; };
		2163C0AF5857DB3E3F1885A4 /* Pods-RememberTests.release.xcconfig */ = {isa = PBXFileReference; includeInIndex = 1; lastKnownFileType = text.xcconfig; name = "Pods-RememberTests.release.xcconfig"; path = "Target Support Files/Pods-RememberTests/Pods-RememberTests.release.xcconfig"; sourceTree = "<group>"; };
		676067E73660622F8CE8D567 /* Pods_common.framework */ = {isa = PBXFileReference; explicitFileType = wrapper.framework; includeInIndex = 0; path = Pods_common.framework; sourceTree = BUILT_PRODUCTS_DIR; };
		69873F0B76C33CEB7C5AA587 /* Pods_RememberUITests.framework */ = {isa = PBXFileReference; explicitFileType = wrapper.framework; includeInIndex = 0; path = Pods_RememberUITests.framework; sourceTree = BUILT_PRODUCTS_DIR; };
		85A4F7B84E55C2498E67A0F0 /* Pods-Remember.debug.xcconfig */ = {isa = PBXFileReference; includeInIndex = 1; lastKnownFileType = text.xcconfig; name = "Pods-Remember.debug.xcconfig"; path = "Target Support Files/Pods-Remember/Pods-Remember.debug.xcconfig"; sourceTree = "<group>"; };
		9A6E36CFF02172784ED04114 /* Pods-RememberUITests.release.xcconfig */ = {isa = PBXFileReference; includeInIndex = 1; lastKnownFileType = text.xcconfig; name = "Pods-RememberUITests.release.xcconfig"; path = "Target Support Files/Pods-RememberUITests/Pods-RememberUITests.release.xcconfig"; sourceTree = "<group>"; };
		9DB98E00CAA37CAF8113EE21 /* Pods-RememberTests.debug.xcconfig */ = {isa = PBXFileReference; includeInIndex = 1; lastKnownFileType = text.xcconfig; name = "Pods-RememberTests.debug.xcconfig"; path = "Target Support Files/Pods-RememberTests/Pods-RememberTests.debug.xcconfig"; sourceTree = "<group>"; };
		9DE95D98BE6A390426E2C5EA /* Pods-common.release.xcconfig */ = {isa = PBXFileReference; includeInIndex = 1; lastKnownFileType = text.xcconfig; name = "Pods-common.release.xcconfig"; path = "Target Support Files/Pods-common/Pods-common.release.xcconfig"; sourceTree = "<group>"; };
		B1E1E2CDACAC035792F9CB96 /* Pods-common.debug.xcconfig */ = {isa = PBXFileReference; includeInIndex = 1; lastKnownFileType = text.xcconfig; name = "Pods-common.debug.xcconfig"; path = "Target Support Files/Pods-common/Pods-common.debug.xcconfig"; sourceTree = "<group>"; };
		BA85FD0FAF2FD08AA0573A00 /* Pods_Remember.framework */ = {isa = PBXFileReference; explicitFileType = wrapper.framework; includeInIndex = 0; path = Pods_Remember.framework; sourceTree = BUILT_PRODUCTS_DIR; };
		BBFD73E7EFF9936586D9BC15 /* Pods-SharePreview.debug.xcconfig */ = {isa = PBXFileReference; includeInIndex = 1; lastKnownFileType = text.xcconfig; name = "Pods-SharePreview.debug.xcconfig"; path = "Target Support Files/Pods-SharePreview/Pods-SharePreview.debug.xcconfig"; sourceTree = "<group>"; };
		BEAC50CBAA2836BF2C751F8C /* Pods_SharePreview.framework */ = {isa = PBXFileReference; explicitFileType = wrapper.framework; includeInIndex = 0; path = Pods_SharePreview.framework; sourceTree = BUILT_PRODUCTS_DIR; };
		C9A370652B0E6B7AF34C4373 /* Pods_RememberTests.framework */ = {isa = PBXFileReference; explicitFileType = wrapper.framework; includeInIndex = 0; path = Pods_RememberTests.framework; sourceTree = BUILT_PRODUCTS_DIR; };
		E4D29E8740A7F773A970820D /* Pods-RememberUITests.debug.xcconfig */ = {isa = PBXFileReference; includeInIndex = 1; lastKnownFileType = text.xcconfig; name = "Pods-RememberUITests.debug.xcconfig"; path = "Target Support Files/Pods-RememberUITests/Pods-RememberUITests.debug.xcconfig"; sourceTree = "<group>"; };
/* End PBXFileReference section */

/* Begin PBXFrameworksBuildPhase section */
		1B72E0EA2444905C0042EBD7 /* Frameworks */ = {
			isa = PBXFrameworksBuildPhase;
			buildActionMask = 2147483647;
			files = (
				1B72E0FE24449DF70042EBD7 /* RememberShared.framework in Frameworks */,
				7733625158468767252A869F /* Pods_SharePreview.framework in Frameworks */,
			);
			runOnlyForDeploymentPostprocessing = 0;
		};
		1BA773CA2441E9600060EC1D /* Frameworks */ = {
			isa = PBXFrameworksBuildPhase;
			buildActionMask = 2147483647;
			files = (
				1BA774072441EDC60060EC1D /* RememberShared.framework in Frameworks */,
				1BC2B0482446302B00E73BB6 /* common.framework in Frameworks */,
				6906FBE769DA967DC32AAE83 /* Pods_Remember.framework in Frameworks */,
			);
			runOnlyForDeploymentPostprocessing = 0;
		};
		1BA773E02441E9670060EC1D /* Frameworks */ = {
			isa = PBXFrameworksBuildPhase;
			buildActionMask = 2147483647;
			files = (
				55BD566A834A29B8EECAB76A /* Pods_RememberTests.framework in Frameworks */,
			);
			runOnlyForDeploymentPostprocessing = 0;
		};
		1BA773EB2441E9670060EC1D /* Frameworks */ = {
			isa = PBXFrameworksBuildPhase;
			buildActionMask = 2147483647;
			files = (
				0DD3472DC85281A17A693D50 /* Pods_RememberUITests.framework in Frameworks */,
			);
			runOnlyForDeploymentPostprocessing = 0;
		};
		1BC2B03E2446302B00E73BB6 /* Frameworks */ = {
			isa = PBXFrameworksBuildPhase;
			buildActionMask = 2147483647;
			files = (
				1BC2B04F244631A800E73BB6 /* RememberShared.framework in Frameworks */,
				67F1BA1A9D203F34777000AC /* Pods_common.framework in Frameworks */,
			);
			runOnlyForDeploymentPostprocessing = 0;
		};
/* End PBXFrameworksBuildPhase section */

/* Begin PBXGroup section */
		1B72E0EE2444905C0042EBD7 /* SharePreview */ = {
			isa = PBXGroup;
			children = (
				1B1826442444D6AD002F1361 /* Info.plist */,
				1B1826422444D67B002F1361 /* MainInterface.storyboard */,
				1B72E0EF2444905D0042EBD7 /* ShareViewController.swift */,
			);
			path = SharePreview;
			sourceTree = "<group>";
		};
		1BA773C42441E9600060EC1D = {
			isa = PBXGroup;
			children = (
				1BA773CF2441E9600060EC1D /* Remember */,
				1BA773E62441E9670060EC1D /* RememberTests */,
				1BA773F12441E9670060EC1D /* RememberUITests */,
				1B72E0EE2444905C0042EBD7 /* SharePreview */,
				1BC2B0422446302B00E73BB6 /* common */,
				1BA773CE2441E9600060EC1D /* Products */,
				1BA774012441ED240060EC1D /* Frameworks */,
				65B5D446B87529E0875D4F1A /* Pods */,
			);
			sourceTree = "<group>";
		};
		1BA773CE2441E9600060EC1D /* Products */ = {
			isa = PBXGroup;
			children = (
				1BA773CD2441E9600060EC1D /* Remember.app */,
				1BA773E32441E9670060EC1D /* RememberTests.xctest */,
				1BA773EE2441E9670060EC1D /* RememberUITests.xctest */,
				1B72E0ED2444905C0042EBD7 /* SharePreview.appex */,
				1BC2B0412446302B00E73BB6 /* common.framework */,
			);
			name = Products;
			sourceTree = "<group>";
		};
		1BA773CF2441E9600060EC1D /* Remember */ = {
			isa = PBXGroup;
			children = (
				1B72E0FC244494C00042EBD7 /* Remember.entitlements */,
				1BA773D02441E9600060EC1D /* AppDelegate.swift */,
				1BA773D22441E9600060EC1D /* SceneDelegate.swift */,
				1BA773D42441E9600060EC1D /* ContentView.swift */,
				1BA773D62441E9660060EC1D /* Assets.xcassets */,
				1BA773DB2441E9660060EC1D /* LaunchScreen.storyboard */,
				1BA773DE2441E9660060EC1D /* Info.plist */,
				1BA773D82441E9660060EC1D /* Preview Content */,
			);
			path = Remember;
			sourceTree = "<group>";
		};
		1BA773D82441E9660060EC1D /* Preview Content */ = {
			isa = PBXGroup;
			children = (
				1BA773D92441E9660060EC1D /* Preview Assets.xcassets */,
			);
			path = "Preview Content";
			sourceTree = "<group>";
		};
		1BA773E62441E9670060EC1D /* RememberTests */ = {
			isa = PBXGroup;
			children = (
				1BA773E72441E9670060EC1D /* RememberTests.swift */,
				1BA773E92441E9670060EC1D /* Info.plist */,
			);
			path = RememberTests;
			sourceTree = "<group>";
		};
		1BA773F12441E9670060EC1D /* RememberUITests */ = {
			isa = PBXGroup;
			children = (
				1BA773F22441E9670060EC1D /* RememberUITests.swift */,
				1BA773F42441E9670060EC1D /* Info.plist */,
			);
			path = RememberUITests;
			sourceTree = "<group>";
		};
		1BA774012441ED240060EC1D /* Frameworks */ = {
			isa = PBXGroup;
			children = (
				1BA774062441EDC60060EC1D /* RememberShared.framework */,
				BA85FD0FAF2FD08AA0573A00 /* Pods_Remember.framework */,
				C9A370652B0E6B7AF34C4373 /* Pods_RememberTests.framework */,
				69873F0B76C33CEB7C5AA587 /* Pods_RememberUITests.framework */,
				BEAC50CBAA2836BF2C751F8C /* Pods_SharePreview.framework */,
				676067E73660622F8CE8D567 /* Pods_common.framework */,
			);
			name = Frameworks;
			sourceTree = "<group>";
		};
		1BC2B0422446302B00E73BB6 /* common */ = {
			isa = PBXGroup;
			children = (
				1BC2B0532446324100E73BB6 /* ExtensionContextDataCapture.swift */,
				1BC2B0522446324100E73BB6 /* iOSDataProcess.swift */,
				1BC2B0432446302B00E73BB6 /* common.h */,
				1BC2B0442446302B00E73BB6 /* Info.plist */,
			);
			path = common;
			sourceTree = "<group>";
		};
		65B5D446B87529E0875D4F1A /* Pods */ = {
			isa = PBXGroup;
			children = (
				85A4F7B84E55C2498E67A0F0 /* Pods-Remember.debug.xcconfig */,
				209B88ADE76F864D3F1BB738 /* Pods-Remember.release.xcconfig */,
				9DB98E00CAA37CAF8113EE21 /* Pods-RememberTests.debug.xcconfig */,
				2163C0AF5857DB3E3F1885A4 /* Pods-RememberTests.release.xcconfig */,
				E4D29E8740A7F773A970820D /* Pods-RememberUITests.debug.xcconfig */,
				9A6E36CFF02172784ED04114 /* Pods-RememberUITests.release.xcconfig */,
				BBFD73E7EFF9936586D9BC15 /* Pods-SharePreview.debug.xcconfig */,
				066A574D3C74827974F81853 /* Pods-SharePreview.release.xcconfig */,
				B1E1E2CDACAC035792F9CB96 /* Pods-common.debug.xcconfig */,
				9DE95D98BE6A390426E2C5EA /* Pods-common.release.xcconfig */,
			);
			path = Pods;
			sourceTree = "<group>";
		};
/* End PBXGroup section */

/* Begin PBXHeadersBuildPhase section */
		1BC2B03C2446302B00E73BB6 /* Headers */ = {
			isa = PBXHeadersBuildPhase;
			buildActionMask = 2147483647;
			files = (
				1BC2B0452446302B00E73BB6 /* common.h in Headers */,
			);
			runOnlyForDeploymentPostprocessing = 0;
		};
/* End PBXHeadersBuildPhase section */

/* Begin PBXNativeTarget section */
		1B72E0EC2444905C0042EBD7 /* SharePreview */ = {
			isa = PBXNativeTarget;
			buildConfigurationList = 1B72E0F82444905D0042EBD7 /* Build configuration list for PBXNativeTarget "SharePreview" */;
			buildPhases = (
				917C2C75CF8FC0D5477BC029 /* [CP] Check Pods Manifest.lock */,
				1B72E10124449E190042EBD7 /* ShellScript */,
				1B72E0E92444905C0042EBD7 /* Sources */,
				1B72E0EA2444905C0042EBD7 /* Frameworks */,
				1B72E0EB2444905C0042EBD7 /* Resources */,
				1B72E10024449DF70042EBD7 /* Embed Frameworks */,
			);
			buildRules = (
			);
			dependencies = (
			);
			name = SharePreview;
			productName = SharePreview;
			productReference = 1B72E0ED2444905C0042EBD7 /* SharePreview.appex */;
			productType = "com.apple.product-type.app-extension";
		};
		1BA773CC2441E9600060EC1D /* Remember */ = {
			isa = PBXNativeTarget;
			buildConfigurationList = 1BA773F72441E9670060EC1D /* Build configuration list for PBXNativeTarget "Remember" */;
			buildPhases = (
				13FA099D3AE7775B67D77AC2 /* [CP] Check Pods Manifest.lock */,
				1BA774002441EB4C0060EC1D /* ShellScript */,
				1BA773C92441E9600060EC1D /* Sources */,
				1BA773CA2441E9600060EC1D /* Frameworks */,
				1BA773CB2441E9600060EC1D /* Resources */,
				1BA774052441ED240060EC1D /* Embed Frameworks */,
				1B72E0FB2444905D0042EBD7 /* Embed App Extensions */,
				8F7C1CB80A635B8E9D5D2AEB /* [CP] Embed Pods Frameworks */,
			);
			buildRules = (
			);
			dependencies = (
				1B72E0F62444905D0042EBD7 /* PBXTargetDependency */,
				1BC2B0472446302B00E73BB6 /* PBXTargetDependency */,
			);
			name = Remember;
			productName = Remember;
			productReference = 1BA773CD2441E9600060EC1D /* Remember.app */;
			productType = "com.apple.product-type.application";
		};
		1BA773E22441E9670060EC1D /* RememberTests */ = {
			isa = PBXNativeTarget;
			buildConfigurationList = 1BA773FA2441E9670060EC1D /* Build configuration list for PBXNativeTarget "RememberTests" */;
			buildPhases = (
				257FD3EB8A800324F17740E1 /* [CP] Check Pods Manifest.lock */,
				1BA773DF2441E9670060EC1D /* Sources */,
				1BA773E02441E9670060EC1D /* Frameworks */,
				1BA773E12441E9670060EC1D /* Resources */,
			);
			buildRules = (
			);
			dependencies = (
				1BA773E52441E9670060EC1D /* PBXTargetDependency */,
			);
			name = RememberTests;
			productName = RememberTests;
			productReference = 1BA773E32441E9670060EC1D /* RememberTests.xctest */;
			productType = "com.apple.product-type.bundle.unit-test";
		};
		1BA773ED2441E9670060EC1D /* RememberUITests */ = {
			isa = PBXNativeTarget;
			buildConfigurationList = 1BA773FD2441E9670060EC1D /* Build configuration list for PBXNativeTarget "RememberUITests" */;
			buildPhases = (
				76884C6A81442FD50EE17B15 /* [CP] Check Pods Manifest.lock */,
				1BA773EA2441E9670060EC1D /* Sources */,
				1BA773EB2441E9670060EC1D /* Frameworks */,
				1BA773EC2441E9670060EC1D /* Resources */,
			);
			buildRules = (
			);
			dependencies = (
				1BA773F02441E9670060EC1D /* PBXTargetDependency */,
			);
			name = RememberUITests;
			productName = RememberUITests;
			productReference = 1BA773EE2441E9670060EC1D /* RememberUITests.xctest */;
			productType = "com.apple.product-type.bundle.ui-testing";
		};
		1BC2B0402446302B00E73BB6 /* common */ = {
			isa = PBXNativeTarget;
			buildConfigurationList = 1BC2B04C2446302B00E73BB6 /* Build configuration list for PBXNativeTarget "common" */;
			buildPhases = (
				EFE957ADCB1C3A1EEAEAA632 /* [CP] Check Pods Manifest.lock */,
				1BC2B03C2446302B00E73BB6 /* Headers */,
				1BC2B03D2446302B00E73BB6 /* Sources */,
				1BC2B03E2446302B00E73BB6 /* Frameworks */,
				1BC2B03F2446302B00E73BB6 /* Resources */,
				1BC2B051244631A800E73BB6 /* Embed Frameworks */,
			);
			buildRules = (
			);
			dependencies = (
			);
			name = common;
			productName = common;
			productReference = 1BC2B0412446302B00E73BB6 /* common.framework */;
			productType = "com.apple.product-type.framework";
		};
/* End PBXNativeTarget section */

/* Begin PBXProject section */
		1BA773C52441E9600060EC1D /* Project object */ = {
			isa = PBXProject;
			attributes = {
				LastSwiftUpdateCheck = 1130;
				LastUpgradeCheck = 1130;
				ORGANIZATIONNAME = "Gabriel Coman";
				TargetAttributes = {
					1B72E0EC2444905C0042EBD7 = {
						CreatedOnToolsVersion = 11.3.1;
					};
					1BA773CC2441E9600060EC1D = {
						CreatedOnToolsVersion = 11.3.1;
					};
					1BA773E22441E9670060EC1D = {
						CreatedOnToolsVersion = 11.3.1;
						TestTargetID = 1BA773CC2441E9600060EC1D;
					};
					1BA773ED2441E9670060EC1D = {
						CreatedOnToolsVersion = 11.3.1;
						TestTargetID = 1BA773CC2441E9600060EC1D;
					};
					1BC2B0402446302B00E73BB6 = {
						CreatedOnToolsVersion = 11.3.1;
						LastSwiftMigration = 1130;
					};
				};
			};
			buildConfigurationList = 1BA773C82441E9600060EC1D /* Build configuration list for PBXProject "Remember" */;
			compatibilityVersion = "Xcode 9.3";
			developmentRegion = en;
			hasScannedForEncodings = 0;
			knownRegions = (
				en,
				Base,
			);
			mainGroup = 1BA773C42441E9600060EC1D;
			productRefGroup = 1BA773CE2441E9600060EC1D /* Products */;
			projectDirPath = "";
			projectRoot = "";
			targets = (
				1BA773CC2441E9600060EC1D /* Remember */,
				1BA773E22441E9670060EC1D /* RememberTests */,
				1BA773ED2441E9670060EC1D /* RememberUITests */,
				1B72E0EC2444905C0042EBD7 /* SharePreview */,
				1BC2B0402446302B00E73BB6 /* common */,
			);
		};
/* End PBXProject section */

/* Begin PBXResourcesBuildPhase section */
		1B72E0EB2444905C0042EBD7 /* Resources */ = {
			isa = PBXResourcesBuildPhase;
			buildActionMask = 2147483647;
			files = (
				1B1826432444D67C002F1361 /* MainInterface.storyboard in Resources */,
			);
			runOnlyForDeploymentPostprocessing = 0;
		};
		1BA773CB2441E9600060EC1D /* Resources */ = {
			isa = PBXResourcesBuildPhase;
			buildActionMask = 2147483647;
			files = (
				1BA773DD2441E9660060EC1D /* LaunchScreen.storyboard in Resources */,
				1BA773DA2441E9660060EC1D /* Preview Assets.xcassets in Resources */,
				1BA773D72441E9660060EC1D /* Assets.xcassets in Resources */,
			);
			runOnlyForDeploymentPostprocessing = 0;
		};
		1BA773E12441E9670060EC1D /* Resources */ = {
			isa = PBXResourcesBuildPhase;
			buildActionMask = 2147483647;
			files = (
			);
			runOnlyForDeploymentPostprocessing = 0;
		};
		1BA773EC2441E9670060EC1D /* Resources */ = {
			isa = PBXResourcesBuildPhase;
			buildActionMask = 2147483647;
			files = (
			);
			runOnlyForDeploymentPostprocessing = 0;
		};
		1BC2B03F2446302B00E73BB6 /* Resources */ = {
			isa = PBXResourcesBuildPhase;
			buildActionMask = 2147483647;
			files = (
			);
			runOnlyForDeploymentPostprocessing = 0;
		};
/* End PBXResourcesBuildPhase section */

/* Begin PBXShellScriptBuildPhase section */
		13FA099D3AE7775B67D77AC2 /* [CP] Check Pods Manifest.lock */ = {
			isa = PBXShellScriptBuildPhase;
			buildActionMask = 2147483647;
			files = (
			);
			inputFileListPaths = (
			);
			inputPaths = (
				"${PODS_PODFILE_DIR_PATH}/Podfile.lock",
				"${PODS_ROOT}/Manifest.lock",
			);
			name = "[CP] Check Pods Manifest.lock";
			outputFileListPaths = (
			);
			outputPaths = (
				"$(DERIVED_FILE_DIR)/Pods-Remember-checkManifestLockResult.txt",
			);
			runOnlyForDeploymentPostprocessing = 0;
			shellPath = /bin/sh;
			shellScript = "diff \"${PODS_PODFILE_DIR_PATH}/Podfile.lock\" \"${PODS_ROOT}/Manifest.lock\" > /dev/null\nif [ $? != 0 ] ; then\n    # print error to STDERR\n    echo \"error: The sandbox is not in sync with the Podfile.lock. Run 'pod install' or update your CocoaPods installation.\" >&2\n    exit 1\nfi\n# This output is used by Xcode 'outputs' to avoid re-running this script phase.\necho \"SUCCESS\" > \"${SCRIPT_OUTPUT_FILE_0}\"\n";
			showEnvVarsInLog = 0;
		};
		1B72E10124449E190042EBD7 /* ShellScript */ = {
			isa = PBXShellScriptBuildPhase;
			buildActionMask = 2147483647;
			files = (
			);
			inputFileListPaths = (
			);
			inputPaths = (
			);
			outputFileListPaths = (
			);
			outputPaths = (
			);
			runOnlyForDeploymentPostprocessing = 0;
			shellPath = /bin/sh;
			shellScript = "cd \"$SRCROOT/../shared/build/xcode-frameworks\"\n./gradlew :shared:packForXCode -PXCODE_CONFIGURATION=${CONFIGURATION}\n";
		};
		1BA774002441EB4C0060EC1D /* ShellScript */ = {
			isa = PBXShellScriptBuildPhase;
			buildActionMask = 2147483647;
			files = (
			);
			inputFileListPaths = (
			);
			inputPaths = (
			);
			outputFileListPaths = (
			);
			outputPaths = (
			);
			runOnlyForDeploymentPostprocessing = 0;
			shellPath = /bin/sh;
			shellScript = "cd \"$SRCROOT/../shared/build/xcode-frameworks\"\n./gradlew :shared:packForXCode -PXCODE_CONFIGURATION=${CONFIGURATION}\n";
		};
		257FD3EB8A800324F17740E1 /* [CP] Check Pods Manifest.lock */ = {
			isa = PBXShellScriptBuildPhase;
			buildActionMask = 2147483647;
			files = (
			);
			inputFileListPaths = (
			);
			inputPaths = (
				"${PODS_PODFILE_DIR_PATH}/Podfile.lock",
				"${PODS_ROOT}/Manifest.lock",
			);
			name = "[CP] Check Pods Manifest.lock";
			outputFileListPaths = (
			);
			outputPaths = (
				"$(DERIVED_FILE_DIR)/Pods-RememberTests-checkManifestLockResult.txt",
			);
			runOnlyForDeploymentPostprocessing = 0;
			shellPath = /bin/sh;
			shellScript = "diff \"${PODS_PODFILE_DIR_PATH}/Podfile.lock\" \"${PODS_ROOT}/Manifest.lock\" > /dev/null\nif [ $? != 0 ] ; then\n    # print error to STDERR\n    echo \"error: The sandbox is not in sync with the Podfile.lock. Run 'pod install' or update your CocoaPods installation.\" >&2\n    exit 1\nfi\n# This output is used by Xcode 'outputs' to avoid re-running this script phase.\necho \"SUCCESS\" > \"${SCRIPT_OUTPUT_FILE_0}\"\n";
			showEnvVarsInLog = 0;
		};
		76884C6A81442FD50EE17B15 /* [CP] Check Pods Manifest.lock */ = {
			isa = PBXShellScriptBuildPhase;
			buildActionMask = 2147483647;
			files = (
			);
			inputFileListPaths = (
			);
			inputPaths = (
				"${PODS_PODFILE_DIR_PATH}/Podfile.lock",
				"${PODS_ROOT}/Manifest.lock",
			);
			name = "[CP] Check Pods Manifest.lock";
			outputFileListPaths = (
			);
			outputPaths = (
				"$(DERIVED_FILE_DIR)/Pods-RememberUITests-checkManifestLockResult.txt",
			);
			runOnlyForDeploymentPostprocessing = 0;
			shellPath = /bin/sh;
			shellScript = "diff \"${PODS_PODFILE_DIR_PATH}/Podfile.lock\" \"${PODS_ROOT}/Manifest.lock\" > /dev/null\nif [ $? != 0 ] ; then\n    # print error to STDERR\n    echo \"error: The sandbox is not in sync with the Podfile.lock. Run 'pod install' or update your CocoaPods installation.\" >&2\n    exit 1\nfi\n# This output is used by Xcode 'outputs' to avoid re-running this script phase.\necho \"SUCCESS\" > \"${SCRIPT_OUTPUT_FILE_0}\"\n";
			showEnvVarsInLog = 0;
		};
		8F7C1CB80A635B8E9D5D2AEB /* [CP] Embed Pods Frameworks */ = {
			isa = PBXShellScriptBuildPhase;
			buildActionMask = 2147483647;
			files = (
			);
			inputFileListPaths = (
				"${PODS_ROOT}/Target Support Files/Pods-Remember/Pods-Remember-frameworks-${CONFIGURATION}-input-files.xcfilelist",
			);
			name = "[CP] Embed Pods Frameworks";
			outputFileListPaths = (
				"${PODS_ROOT}/Target Support Files/Pods-Remember/Pods-Remember-frameworks-${CONFIGURATION}-output-files.xcfilelist",
			);
			runOnlyForDeploymentPostprocessing = 0;
			shellPath = /bin/sh;
			shellScript = "\"${PODS_ROOT}/Target Support Files/Pods-Remember/Pods-Remember-frameworks.sh\"\n";
			showEnvVarsInLog = 0;
		};
		917C2C75CF8FC0D5477BC029 /* [CP] Check Pods Manifest.lock */ = {
			isa = PBXShellScriptBuildPhase;
			buildActionMask = 2147483647;
			files = (
			);
			inputFileListPaths = (
			);
			inputPaths = (
				"${PODS_PODFILE_DIR_PATH}/Podfile.lock",
				"${PODS_ROOT}/Manifest.lock",
			);
			name = "[CP] Check Pods Manifest.lock";
			outputFileListPaths = (
			);
			outputPaths = (
				"$(DERIVED_FILE_DIR)/Pods-SharePreview-checkManifestLockResult.txt",
			);
			runOnlyForDeploymentPostprocessing = 0;
			shellPath = /bin/sh;
			shellScript = "diff \"${PODS_PODFILE_DIR_PATH}/Podfile.lock\" \"${PODS_ROOT}/Manifest.lock\" > /dev/null\nif [ $? != 0 ] ; then\n    # print error to STDERR\n    echo \"error: The sandbox is not in sync with the Podfile.lock. Run 'pod install' or update your CocoaPods installation.\" >&2\n    exit 1\nfi\n# This output is used by Xcode 'outputs' to avoid re-running this script phase.\necho \"SUCCESS\" > \"${SCRIPT_OUTPUT_FILE_0}\"\n";
			showEnvVarsInLog = 0;
		};
		EFE957ADCB1C3A1EEAEAA632 /* [CP] Check Pods Manifest.lock */ = {
			isa = PBXShellScriptBuildPhase;
			buildActionMask = 2147483647;
			files = (
			);
			inputFileListPaths = (
			);
			inputPaths = (
				"${PODS_PODFILE_DIR_PATH}/Podfile.lock",
				"${PODS_ROOT}/Manifest.lock",
			);
			name = "[CP] Check Pods Manifest.lock";
			outputFileListPaths = (
			);
			outputPaths = (
				"$(DERIVED_FILE_DIR)/Pods-common-checkManifestLockResult.txt",
			);
			runOnlyForDeploymentPostprocessing = 0;
			shellPath = /bin/sh;
			shellScript = "diff \"${PODS_PODFILE_DIR_PATH}/Podfile.lock\" \"${PODS_ROOT}/Manifest.lock\" > /dev/null\nif [ $? != 0 ] ; then\n    # print error to STDERR\n    echo \"error: The sandbox is not in sync with the Podfile.lock. Run 'pod install' or update your CocoaPods installation.\" >&2\n    exit 1\nfi\n# This output is used by Xcode 'outputs' to avoid re-running this script phase.\necho \"SUCCESS\" > \"${SCRIPT_OUTPUT_FILE_0}\"\n";
			showEnvVarsInLog = 0;
		};
/* End PBXShellScriptBuildPhase section */

/* Begin PBXSourcesBuildPhase section */
		1B72E0E92444905C0042EBD7 /* Sources */ = {
			isa = PBXSourcesBuildPhase;
			buildActionMask = 2147483647;
			files = (
				1B72E0F02444905D0042EBD7 /* ShareViewController.swift in Sources */,
			);
			runOnlyForDeploymentPostprocessing = 0;
		};
		1BA773C92441E9600060EC1D /* Sources */ = {
			isa = PBXSourcesBuildPhase;
			buildActionMask = 2147483647;
			files = (
				1BA773D12441E9600060EC1D /* AppDelegate.swift in Sources */,
				1BA773D32441E9600060EC1D /* SceneDelegate.swift in Sources */,
				1BA773D52441E9600060EC1D /* ContentView.swift in Sources */,
			);
			runOnlyForDeploymentPostprocessing = 0;
		};
		1BA773DF2441E9670060EC1D /* Sources */ = {
			isa = PBXSourcesBuildPhase;
			buildActionMask = 2147483647;
			files = (
				1BA773E82441E9670060EC1D /* RememberTests.swift in Sources */,
			);
			runOnlyForDeploymentPostprocessing = 0;
		};
		1BA773EA2441E9670060EC1D /* Sources */ = {
			isa = PBXSourcesBuildPhase;
			buildActionMask = 2147483647;
			files = (
				1BA773F32441E9670060EC1D /* RememberUITests.swift in Sources */,
			);
			runOnlyForDeploymentPostprocessing = 0;
		};
		1BC2B03D2446302B00E73BB6 /* Sources */ = {
			isa = PBXSourcesBuildPhase;
			buildActionMask = 2147483647;
			files = (
				1BC2B0542446324100E73BB6 /* iOSDataProcess.swift in Sources */,
				1BC2B0552446324100E73BB6 /* ExtensionContextDataCapture.swift in Sources */,
			);
			runOnlyForDeploymentPostprocessing = 0;
		};
/* End PBXSourcesBuildPhase section */

/* Begin PBXTargetDependency section */
		1B72E0F62444905D0042EBD7 /* PBXTargetDependency */ = {
			isa = PBXTargetDependency;
			target = 1B72E0EC2444905C0042EBD7 /* SharePreview */;
			targetProxy = 1B72E0F52444905D0042EBD7 /* PBXContainerItemProxy */;
		};
		1BA773E52441E9670060EC1D /* PBXTargetDependency */ = {
			isa = PBXTargetDependency;
			target = 1BA773CC2441E9600060EC1D /* Remember */;
			targetProxy = 1BA773E42441E9670060EC1D /* PBXContainerItemProxy */;
		};
		1BA773F02441E9670060EC1D /* PBXTargetDependency */ = {
			isa = PBXTargetDependency;
			target = 1BA773CC2441E9600060EC1D /* Remember */;
			targetProxy = 1BA773EF2441E9670060EC1D /* PBXContainerItemProxy */;
		};
		1BC2B0472446302B00E73BB6 /* PBXTargetDependency */ = {
			isa = PBXTargetDependency;
			target = 1BC2B0402446302B00E73BB6 /* common */;
			targetProxy = 1BC2B0462446302B00E73BB6 /* PBXContainerItemProxy */;
		};
/* End PBXTargetDependency section */

/* Begin PBXVariantGroup section */
		1BA773DB2441E9660060EC1D /* LaunchScreen.storyboard */ = {
			isa = PBXVariantGroup;
			children = (
				1BA773DC2441E9660060EC1D /* Base */,
			);
			name = LaunchScreen.storyboard;
			sourceTree = "<group>";
		};
/* End PBXVariantGroup section */

/* Begin XCBuildConfiguration section */
		1B72E0F92444905D0042EBD7 /* Debug */ = {
			isa = XCBuildConfiguration;
			baseConfigurationReference = BBFD73E7EFF9936586D9BC15 /* Pods-SharePreview.debug.xcconfig */;
			buildSettings = {
				CODE_SIGN_STYLE = Automatic;
				FRAMEWORK_SEARCH_PATHS = (
					"$SRCROOT/../shared/build/xcode-frameworks",
					./gradlew,
					":shared:packForXCode",
					"-PXCODE_CONFIGURATION=${CONFIGURATION}",
					"${inherited}",
				);
				INFOPLIST_FILE = SharePreview/Info.plist;
				LD_RUNPATH_SEARCH_PATHS = (
					"$(inherited)",
					"@executable_path/Frameworks",
					"@executable_path/../../Frameworks",
				);
				PRODUCT_BUNDLE_IDENTIFIER = com.app.Remember.SharePreview;
				PRODUCT_NAME = "$(TARGET_NAME)";
				SKIP_INSTALL = YES;
				SWIFT_VERSION = 5.0;
				TARGETED_DEVICE_FAMILY = "1,2";
			};
			name = Debug;
		};
		1B72E0FA2444905D0042EBD7 /* Release */ = {
			isa = XCBuildConfiguration;
			baseConfigurationReference = 066A574D3C74827974F81853 /* Pods-SharePreview.release.xcconfig */;
			buildSettings = {
				CODE_SIGN_STYLE = Automatic;
				FRAMEWORK_SEARCH_PATHS = (
					"$SRCROOT/../shared/build/xcode-frameworks",
					./gradlew,
					":shared:packForXCode",
					"-PXCODE_CONFIGURATION=${CONFIGURATION}",
					"${inherited}",
				);
				INFOPLIST_FILE = SharePreview/Info.plist;
				LD_RUNPATH_SEARCH_PATHS = (
					"$(inherited)",
					"@executable_path/Frameworks",
					"@executable_path/../../Frameworks",
				);
				PRODUCT_BUNDLE_IDENTIFIER = com.app.Remember.SharePreview;
				PRODUCT_NAME = "$(TARGET_NAME)";
				SKIP_INSTALL = YES;
				SWIFT_VERSION = 5.0;
				TARGETED_DEVICE_FAMILY = "1,2";
			};
			name = Release;
		};
		1BA773F52441E9670060EC1D /* Debug */ = {
			isa = XCBuildConfiguration;
			buildSettings = {
				ALWAYS_SEARCH_USER_PATHS = NO;
				CLANG_ANALYZER_NONNULL = YES;
				CLANG_ANALYZER_NUMBER_OBJECT_CONVERSION = YES_AGGRESSIVE;
				CLANG_CXX_LANGUAGE_STANDARD = "gnu++14";
				CLANG_CXX_LIBRARY = "libc++";
				CLANG_ENABLE_MODULES = YES;
				CLANG_ENABLE_OBJC_ARC = YES;
				CLANG_ENABLE_OBJC_WEAK = YES;
				CLANG_WARN_BLOCK_CAPTURE_AUTORELEASING = YES;
				CLANG_WARN_BOOL_CONVERSION = YES;
				CLANG_WARN_COMMA = YES;
				CLANG_WARN_CONSTANT_CONVERSION = YES;
				CLANG_WARN_DEPRECATED_OBJC_IMPLEMENTATIONS = YES;
				CLANG_WARN_DIRECT_OBJC_ISA_USAGE = YES_ERROR;
				CLANG_WARN_DOCUMENTATION_COMMENTS = YES;
				CLANG_WARN_EMPTY_BODY = YES;
				CLANG_WARN_ENUM_CONVERSION = YES;
				CLANG_WARN_INFINITE_RECURSION = YES;
				CLANG_WARN_INT_CONVERSION = YES;
				CLANG_WARN_NON_LITERAL_NULL_CONVERSION = YES;
				CLANG_WARN_OBJC_IMPLICIT_RETAIN_SELF = YES;
				CLANG_WARN_OBJC_LITERAL_CONVERSION = YES;
				CLANG_WARN_OBJC_ROOT_CLASS = YES_ERROR;
				CLANG_WARN_RANGE_LOOP_ANALYSIS = YES;
				CLANG_WARN_STRICT_PROTOTYPES = YES;
				CLANG_WARN_SUSPICIOUS_MOVE = YES;
				CLANG_WARN_UNGUARDED_AVAILABILITY = YES_AGGRESSIVE;
				CLANG_WARN_UNREACHABLE_CODE = YES;
				CLANG_WARN__DUPLICATE_METHOD_MATCH = YES;
				COPY_PHASE_STRIP = NO;
				DEBUG_INFORMATION_FORMAT = dwarf;
				ENABLE_STRICT_OBJC_MSGSEND = YES;
				ENABLE_TESTABILITY = YES;
				GCC_C_LANGUAGE_STANDARD = gnu11;
				GCC_DYNAMIC_NO_PIC = NO;
				GCC_NO_COMMON_BLOCKS = YES;
				GCC_OPTIMIZATION_LEVEL = 0;
				GCC_PREPROCESSOR_DEFINITIONS = (
					"DEBUG=1",
					"$(inherited)",
				);
				GCC_WARN_64_TO_32_BIT_CONVERSION = YES;
				GCC_WARN_ABOUT_RETURN_TYPE = YES_ERROR;
				GCC_WARN_UNDECLARED_SELECTOR = YES;
				GCC_WARN_UNINITIALIZED_AUTOS = YES_AGGRESSIVE;
				GCC_WARN_UNUSED_FUNCTION = YES;
				GCC_WARN_UNUSED_VARIABLE = YES;
				IPHONEOS_DEPLOYMENT_TARGET = 13.2;
				MTL_ENABLE_DEBUG_INFO = INCLUDE_SOURCE;
				MTL_FAST_MATH = YES;
				ONLY_ACTIVE_ARCH = YES;
				SDKROOT = iphoneos;
				SWIFT_ACTIVE_COMPILATION_CONDITIONS = DEBUG;
				SWIFT_OPTIMIZATION_LEVEL = "-Onone";
			};
			name = Debug;
		};
		1BA773F62441E9670060EC1D /* Release */ = {
			isa = XCBuildConfiguration;
			buildSettings = {
				ALWAYS_SEARCH_USER_PATHS = NO;
				CLANG_ANALYZER_NONNULL = YES;
				CLANG_ANALYZER_NUMBER_OBJECT_CONVERSION = YES_AGGRESSIVE;
				CLANG_CXX_LANGUAGE_STANDARD = "gnu++14";
				CLANG_CXX_LIBRARY = "libc++";
				CLANG_ENABLE_MODULES = YES;
				CLANG_ENABLE_OBJC_ARC = YES;
				CLANG_ENABLE_OBJC_WEAK = YES;
				CLANG_WARN_BLOCK_CAPTURE_AUTORELEASING = YES;
				CLANG_WARN_BOOL_CONVERSION = YES;
				CLANG_WARN_COMMA = YES;
				CLANG_WARN_CONSTANT_CONVERSION = YES;
				CLANG_WARN_DEPRECATED_OBJC_IMPLEMENTATIONS = YES;
				CLANG_WARN_DIRECT_OBJC_ISA_USAGE = YES_ERROR;
				CLANG_WARN_DOCUMENTATION_COMMENTS = YES;
				CLANG_WARN_EMPTY_BODY = YES;
				CLANG_WARN_ENUM_CONVERSION = YES;
				CLANG_WARN_INFINITE_RECURSION = YES;
				CLANG_WARN_INT_CONVERSION = YES;
				CLANG_WARN_NON_LITERAL_NULL_CONVERSION = YES;
				CLANG_WARN_OBJC_IMPLICIT_RETAIN_SELF = YES;
				CLANG_WARN_OBJC_LITERAL_CONVERSION = YES;
				CLANG_WARN_OBJC_ROOT_CLASS = YES_ERROR;
				CLANG_WARN_RANGE_LOOP_ANALYSIS = YES;
				CLANG_WARN_STRICT_PROTOTYPES = YES;
				CLANG_WARN_SUSPICIOUS_MOVE = YES;
				CLANG_WARN_UNGUARDED_AVAILABILITY = YES_AGGRESSIVE;
				CLANG_WARN_UNREACHABLE_CODE = YES;
				CLANG_WARN__DUPLICATE_METHOD_MATCH = YES;
				COPY_PHASE_STRIP = NO;
				DEBUG_INFORMATION_FORMAT = "dwarf-with-dsym";
				ENABLE_NS_ASSERTIONS = NO;
				ENABLE_STRICT_OBJC_MSGSEND = YES;
				GCC_C_LANGUAGE_STANDARD = gnu11;
				GCC_NO_COMMON_BLOCKS = YES;
				GCC_WARN_64_TO_32_BIT_CONVERSION = YES;
				GCC_WARN_ABOUT_RETURN_TYPE = YES_ERROR;
				GCC_WARN_UNDECLARED_SELECTOR = YES;
				GCC_WARN_UNINITIALIZED_AUTOS = YES_AGGRESSIVE;
				GCC_WARN_UNUSED_FUNCTION = YES;
				GCC_WARN_UNUSED_VARIABLE = YES;
				IPHONEOS_DEPLOYMENT_TARGET = 13.2;
				MTL_ENABLE_DEBUG_INFO = NO;
				MTL_FAST_MATH = YES;
				SDKROOT = iphoneos;
				SWIFT_COMPILATION_MODE = wholemodule;
				SWIFT_OPTIMIZATION_LEVEL = "-O";
				VALIDATE_PRODUCT = YES;
			};
			name = Release;
		};
		1BA773F82441E9670060EC1D /* Debug */ = {
			isa = XCBuildConfiguration;
			baseConfigurationReference = 85A4F7B84E55C2498E67A0F0 /* Pods-Remember.debug.xcconfig */;
			buildSettings = {
				ALWAYS_EMBED_SWIFT_STANDARD_LIBRARIES = YES;
				ASSETCATALOG_COMPILER_APPICON_NAME = AppIcon;
				CODE_SIGN_ENTITLEMENTS = Remember/Remember.entitlements;
				CODE_SIGN_STYLE = Automatic;
				DEVELOPMENT_ASSET_PATHS = "\"Remember/Preview Content\"";
				ENABLE_PREVIEWS = YES;
				FRAMEWORK_SEARCH_PATHS = (
					"${inherited}",
					"$(SRCROOT)/../shared/build/xcode-frameworks",
				);
				INFOPLIST_FILE = Remember/Info.plist;
				LD_RUNPATH_SEARCH_PATHS = (
					"$(inherited)",
					"@executable_path/Frameworks",
				);
				PRODUCT_BUNDLE_IDENTIFIER = com.app.Remember;
				PRODUCT_NAME = "$(TARGET_NAME)";
				SWIFT_VERSION = 5.0;
				TARGETED_DEVICE_FAMILY = "1,2";
			};
			name = Debug;
		};
		1BA773F92441E9670060EC1D /* Release */ = {
			isa = XCBuildConfiguration;
			baseConfigurationReference = 209B88ADE76F864D3F1BB738 /* Pods-Remember.release.xcconfig */;
			buildSettings = {
				ALWAYS_EMBED_SWIFT_STANDARD_LIBRARIES = YES;
				ASSETCATALOG_COMPILER_APPICON_NAME = AppIcon;
				CODE_SIGN_ENTITLEMENTS = Remember/Remember.entitlements;
				CODE_SIGN_STYLE = Automatic;
				DEVELOPMENT_ASSET_PATHS = "\"Remember/Preview Content\"";
				ENABLE_PREVIEWS = YES;
				FRAMEWORK_SEARCH_PATHS = (
					"${inherited}",
					"$(SRCROOT)/../shared/build/xcode-frameworks",
				);
				INFOPLIST_FILE = Remember/Info.plist;
				LD_RUNPATH_SEARCH_PATHS = (
					"$(inherited)",
					"@executable_path/Frameworks",
				);
				PRODUCT_BUNDLE_IDENTIFIER = com.app.Remember;
				PRODUCT_NAME = "$(TARGET_NAME)";
				SWIFT_VERSION = 5.0;
				TARGETED_DEVICE_FAMILY = "1,2";
			};
			name = Release;
		};
		1BA773FB2441E9670060EC1D /* Debug */ = {
			isa = XCBuildConfiguration;
			baseConfigurationReference = 9DB98E00CAA37CAF8113EE21 /* Pods-RememberTests.debug.xcconfig */;
			buildSettings = {
				ALWAYS_EMBED_SWIFT_STANDARD_LIBRARIES = YES;
				BUNDLE_LOADER = "$(TEST_HOST)";
				CODE_SIGN_STYLE = Automatic;
				INFOPLIST_FILE = RememberTests/Info.plist;
				IPHONEOS_DEPLOYMENT_TARGET = 13.2;
				LD_RUNPATH_SEARCH_PATHS = (
					"$(inherited)",
					"@executable_path/Frameworks",
					"@loader_path/Frameworks",
				);
				PRODUCT_BUNDLE_IDENTIFIER = com.app.RememberTests;
				PRODUCT_NAME = "$(TARGET_NAME)";
				SWIFT_VERSION = 5.0;
				TARGETED_DEVICE_FAMILY = "1,2";
				TEST_HOST = "$(BUILT_PRODUCTS_DIR)/Remember.app/Remember";
			};
			name = Debug;
		};
		1BA773FC2441E9670060EC1D /* Release */ = {
			isa = XCBuildConfiguration;
			baseConfigurationReference = 2163C0AF5857DB3E3F1885A4 /* Pods-RememberTests.release.xcconfig */;
			buildSettings = {
				ALWAYS_EMBED_SWIFT_STANDARD_LIBRARIES = YES;
				BUNDLE_LOADER = "$(TEST_HOST)";
				CODE_SIGN_STYLE = Automatic;
				INFOPLIST_FILE = RememberTests/Info.plist;
				IPHONEOS_DEPLOYMENT_TARGET = 13.2;
				LD_RUNPATH_SEARCH_PATHS = (
					"$(inherited)",
					"@executable_path/Frameworks",
					"@loader_path/Frameworks",
				);
				PRODUCT_BUNDLE_IDENTIFIER = com.app.RememberTests;
				PRODUCT_NAME = "$(TARGET_NAME)";
				SWIFT_VERSION = 5.0;
				TARGETED_DEVICE_FAMILY = "1,2";
				TEST_HOST = "$(BUILT_PRODUCTS_DIR)/Remember.app/Remember";
			};
			name = Release;
		};
		1BA773FE2441E9670060EC1D /* Debug */ = {
			isa = XCBuildConfiguration;
			baseConfigurationReference = E4D29E8740A7F773A970820D /* Pods-RememberUITests.debug.xcconfig */;
			buildSettings = {
				ALWAYS_EMBED_SWIFT_STANDARD_LIBRARIES = YES;
				CODE_SIGN_STYLE = Automatic;
				INFOPLIST_FILE = RememberUITests/Info.plist;
				LD_RUNPATH_SEARCH_PATHS = (
					"$(inherited)",
					"@executable_path/Frameworks",
					"@loader_path/Frameworks",
				);
				PRODUCT_BUNDLE_IDENTIFIER = com.app.RememberUITests;
				PRODUCT_NAME = "$(TARGET_NAME)";
				SWIFT_VERSION = 5.0;
				TARGETED_DEVICE_FAMILY = "1,2";
				TEST_TARGET_NAME = Remember;
			};
			name = Debug;
		};
		1BA773FF2441E9670060EC1D /* Release */ = {
			isa = XCBuildConfiguration;
			baseConfigurationReference = 9A6E36CFF02172784ED04114 /* Pods-RememberUITests.release.xcconfig */;
			buildSettings = {
				ALWAYS_EMBED_SWIFT_STANDARD_LIBRARIES = YES;
				CODE_SIGN_STYLE = Automatic;
				INFOPLIST_FILE = RememberUITests/Info.plist;
				LD_RUNPATH_SEARCH_PATHS = (
					"$(inherited)",
					"@executable_path/Frameworks",
					"@loader_path/Frameworks",
				);
				PRODUCT_BUNDLE_IDENTIFIER = com.app.RememberUITests;
				PRODUCT_NAME = "$(TARGET_NAME)";
				SWIFT_VERSION = 5.0;
				TARGETED_DEVICE_FAMILY = "1,2";
				TEST_TARGET_NAME = Remember;
			};
			name = Release;
		};
		1BC2B04A2446302B00E73BB6 /* Debug */ = {
			isa = XCBuildConfiguration;
			baseConfigurationReference = B1E1E2CDACAC035792F9CB96 /* Pods-common.debug.xcconfig */;
			buildSettings = {
				CLANG_ENABLE_MODULES = YES;
				CODE_SIGN_STYLE = Automatic;
				CURRENT_PROJECT_VERSION = 1;
				DEFINES_MODULE = YES;
				DYLIB_COMPATIBILITY_VERSION = 1;
				DYLIB_CURRENT_VERSION = 1;
				DYLIB_INSTALL_NAME_BASE = "@rpath";
				FRAMEWORK_SEARCH_PATHS = (
					"$(inherited)",
					"\"${PODS_CONFIGURATION_BUILD_DIR}/Realm\"",
					"\"${PODS_CONFIGURATION_BUILD_DIR}/RealmSwift\"",
					"\"${PODS_CONFIGURATION_BUILD_DIR}/SwiftSoup\"",
					"$SRCROOT/../shared/build/xcode-frameworks",
				);
				INFOPLIST_FILE = common/Info.plist;
				INSTALL_PATH = "$(LOCAL_LIBRARY_DIR)/Frameworks";
				LD_RUNPATH_SEARCH_PATHS = (
					"$(inherited)",
					"@executable_path/Frameworks",
					"@loader_path/Frameworks",
				);
				PRODUCT_BUNDLE_IDENTIFIER = com.app.common;
				PRODUCT_NAME = "$(TARGET_NAME:c99extidentifier)";
				SKIP_INSTALL = YES;
				SWIFT_OPTIMIZATION_LEVEL = "-Onone";
				SWIFT_VERSION = 5.0;
				TARGETED_DEVICE_FAMILY = "1,2";
				VERSIONING_SYSTEM = "apple-generic";
				VERSION_INFO_PREFIX = "";
			};
			name = Debug;
		};
		1BC2B04B2446302B00E73BB6 /* Release */ = {
			isa = XCBuildConfiguration;
			baseConfigurationReference = 9DE95D98BE6A390426E2C5EA /* Pods-common.release.xcconfig */;
			buildSettings = {
				CLANG_ENABLE_MODULES = YES;
				CODE_SIGN_STYLE = Automatic;
				CURRENT_PROJECT_VERSION = 1;
				DEFINES_MODULE = YES;
				DYLIB_COMPATIBILITY_VERSION = 1;
				DYLIB_CURRENT_VERSION = 1;
				DYLIB_INSTALL_NAME_BASE = "@rpath";
				FRAMEWORK_SEARCH_PATHS = (
					"$(inherited)",
					"\"${PODS_CONFIGURATION_BUILD_DIR}/Realm\"",
					"\"${PODS_CONFIGURATION_BUILD_DIR}/RealmSwift\"",
					"\"${PODS_CONFIGURATION_BUILD_DIR}/SwiftSoup\"",
					"$SRCROOT/../shared/build/xcode-frameworks",
				);
				INFOPLIST_FILE = common/Info.plist;
				INSTALL_PATH = "$(LOCAL_LIBRARY_DIR)/Frameworks";
				LD_RUNPATH_SEARCH_PATHS = (
					"$(inherited)",
					"@executable_path/Frameworks",
					"@loader_path/Frameworks",
				);
				PRODUCT_BUNDLE_IDENTIFIER = com.app.common;
				PRODUCT_NAME = "$(TARGET_NAME:c99extidentifier)";
				SKIP_INSTALL = YES;
				SWIFT_VERSION = 5.0;
				TARGETED_DEVICE_FAMILY = "1,2";
				VERSIONING_SYSTEM = "apple-generic";
				VERSION_INFO_PREFIX = "";
			};
			name = Release;
		};
/* End XCBuildConfiguration section */

/* Begin XCConfigurationList section */
		1B72E0F82444905D0042EBD7 /* Build configuration list for PBXNativeTarget "SharePreview" */ = {
			isa = XCConfigurationList;
			buildConfigurations = (
				1B72E0F92444905D0042EBD7 /* Debug */,
				1B72E0FA2444905D0042EBD7 /* Release */,
			);
			defaultConfigurationIsVisible = 0;
			defaultConfigurationName = Release;
		};
		1BA773C82441E9600060EC1D /* Build configuration list for PBXProject "Remember" */ = {
			isa = XCConfigurationList;
			buildConfigurations = (
				1BA773F52441E9670060EC1D /* Debug */,
				1BA773F62441E9670060EC1D /* Release */,
			);
			defaultConfigurationIsVisible = 0;
			defaultConfigurationName = Release;
		};
		1BA773F72441E9670060EC1D /* Build configuration list for PBXNativeTarget "Remember" */ = {
			isa = XCConfigurationList;
			buildConfigurations = (
				1BA773F82441E9670060EC1D /* Debug */,
				1BA773F92441E9670060EC1D /* Release */,
			);
			defaultConfigurationIsVisible = 0;
			defaultConfigurationName = Release;
		};
		1BA773FA2441E9670060EC1D /* Build configuration list for PBXNativeTarget "RememberTests" */ = {
			isa = XCConfigurationList;
			buildConfigurations = (
				1BA773FB2441E9670060EC1D /* Debug */,
				1BA773FC2441E9670060EC1D /* Release */,
			);
			defaultConfigurationIsVisible = 0;
			defaultConfigurationName = Release;
		};
		1BA773FD2441E9670060EC1D /* Build configuration list for PBXNativeTarget "RememberUITests" */ = {
			isa = XCConfigurationList;
			buildConfigurations = (
				1BA773FE2441E9670060EC1D /* Debug */,
				1BA773FF2441E9670060EC1D /* Release */,
			);
			defaultConfigurationIsVisible = 0;
			defaultConfigurationName = Release;
		};
		1BC2B04C2446302B00E73BB6 /* Build configuration list for PBXNativeTarget "common" */ = {
			isa = XCConfigurationList;
			buildConfigurations = (
				1BC2B04A2446302B00E73BB6 /* Debug */,
				1BC2B04B2446302B00E73BB6 /* Release */,
			);
			defaultConfigurationIsVisible = 0;
			defaultConfigurationName = Release;
		};
/* End XCConfigurationList section */
	};
	rootObject = 1BA773C52441E9600060EC1D /* Project object */;
}
